
Microsoft Visual Studio Solution File, Format Version 12.00
# Visual Studio Version 17
Project("{2150E333-8FDC-42A3-9474-1A3956D46DE8}") = "CMakePredefinedTargets", "CMakePredefinedTargets", "{98557866-9F38-32FB-A7E6-A63FA7ADD76D}"
EndProject
Project("{2150E333-8FDC-42A3-9474-1A3956D46DE8}") = "CTestDashboardTargets", "CTestDashboardTargets", "{E5CA8DCD-9698-3630-BE1B-42A2C816646A}"
EndProject
Project("{8BC9CEB8-8B4A-11D0-8D11-00A0C91BC942}") = "ALL_BUILD", "ALL_BUILD.vcxproj", "{D6380F32-74E1-3880-A7EF-D28D96C30FFD}"
	ProjectSection(ProjectDependencies) = postProject
		{A1DF2C03-5C75-34A7-80B6-3CC7173E0FEB} = {A1DF2C03-5C75-34A7-80B6-3CC7173E0FEB}
		{1960E9D2-8B79-326B-A6DE-29C293ED4405} = {1960E9D2-8B79-326B-A6DE-29C293ED4405}
		{3A9AC03F-667A-35F1-9C47-6430183985D8} = {3A9AC03F-667A-35F1-9C47-6430183985D8}
		{5FB557AB-AC9D-38B3-A896-5AAEB127BAD0} = {5FB557AB-AC9D-38B3-A896-5AAEB127BAD0}
		{94BA2080-B185-38F6-BC6F-686E697D20E5} = {94BA2080-B185-38F6-BC6F-686E697D20E5}
	EndProjectSection
EndProject
Project("{8BC9CEB8-8B4A-11D0-8D11-00A0C91BC942}") = "Continuous", "Continuous.vcxproj", "{D1FA5B63-ABB6-3B13-895D-D86938E1C3B5}"
	ProjectSection(ProjectDependencies) = postProject
		{A1DF2C03-5C75-34A7-80B6-3CC7173E0FEB} = {A1DF2C03-5C75-34A7-80B6-3CC7173E0FEB}
	EndProjectSection
EndProject
Project("{8BC9CEB8-8B4A-11D0-8D11-00A0C91BC942}") = "Experimental", "Experimental.vcxproj", "{6A2D9BDD-C080-3286-B534-D5B7D17FCAEC}"
	ProjectSection(ProjectDependencies) = postProject
		{A1DF2C03-5C75-34A7-80B6-3CC7173E0FEB} = {A1DF2C03-5C75-34A7-80B6-3CC7173E0FEB}
	EndProjectSection
EndProject
Project("{8BC9CEB8-8B4A-11D0-8D11-00A0C91BC942}") = "INSTALL", "INSTALL.vcxproj", "{788ED44A-E9EB-37CD-A9DB-CEBFA5A40B51}"
	ProjectSection(ProjectDependencies) = postProject
		{D6380F32-74E1-3880-A7EF-D28D96C30FFD} = {D6380F32-74E1-3880-A7EF-D28D96C30FFD}
		{A1DF2C03-5C75-34A7-80B6-3CC7173E0FEB} = {A1DF2C03-5C75-34A7-80B6-3CC7173E0FEB}
	EndProjectSection
EndProject
Project("{8BC9CEB8-8B4A-11D0-8D11-00A0C91BC942}") = "Nightly", "Nightly.vcxproj", "{7A7589DA-D3AC-368F-8916-FA28F7A69B78}"
	ProjectSection(ProjectDependencies) = postProject
		{A1DF2C03-5C75-34A7-80B6-3CC7173E0FEB} = {A1DF2C03-5C75-34A7-80B6-3CC7173E0FEB}
	EndProjectSection
EndProject
Project("{8BC9CEB8-8B4A-11D0-8D11-00A0C91BC942}") = "NightlyMemoryCheck", "NightlyMemoryCheck.vcxproj", "{5CABF356-7053-36DB-94F7-D6A03DF42B63}"
	ProjectSection(ProjectDependencies) = postProject
		{A1DF2C03-5C75-34A7-80B6-3CC7173E0FEB} = {A1DF2C03-5C75-34A7-80B6-3CC7173E0FEB}
	EndProjectSection
EndProject
Project("{8BC9CEB8-8B4A-11D0-8D11-00A0C91BC942}") = "PACKAGE", "PACKAGE.vcxproj", "{022C7221-99EC-34F6-B777-B47FB86F8397}"
	ProjectSection(ProjectDependencies) = postProject
		{D6380F32-74E1-3880-A7EF-D28D96C30FFD} = {D6380F32-74E1-3880-A7EF-D28D96C30FFD}
		{A1DF2C03-5C75-34A7-80B6-3CC7173E0FEB} = {A1DF2C03-5C75-34A7-80B6-3CC7173E0FEB}
	EndProjectSection
EndProject
Project("{8BC9CEB8-8B4A-11D0-8D11-00A0C91BC942}") = "RUN_TESTS", "RUN_TESTS.vcxproj", "{9A9BB6AA-7C80-3106-8377-C305B5641D93}"
	ProjectSection(ProjectDependencies) = postProject
		{A1DF2C03-5C75-34A7-80B6-3CC7173E0FEB} = {A1DF2C03-5C75-34A7-80B6-3CC7173E0FEB}
	EndProjectSection
EndProject
Project("{8BC9CEB8-8B4A-11D0-8D11-00A0C91BC942}") = "ZERO_CHECK", "ZERO_CHECK.vcxproj", "{A1DF2C03-5C75-34A7-80B6-3CC7173E0FEB}"
	ProjectSection(ProjectDependencies) = postProject
	EndProjectSection
EndProject
Project("{8BC9CEB8-8B4A-11D0-8D11-00A0C91BC942}") = "call_highs_from_c_minimal", "examples\call_highs_from_c_minimal.vcxproj", "{1960E9D2-8B79-326B-A6DE-29C293ED4405}"
	ProjectSection(ProjectDependencies) = postProject
		{A1DF2C03-5C75-34A7-80B6-3CC7173E0FEB} = {A1DF2C03-5C75-34A7-80B6-3CC7173E0FEB}
		{5FB557AB-AC9D-38B3-A896-5AAEB127BAD0} = {5FB557AB-AC9D-38B3-A896-5AAEB127BAD0}
	EndProjectSection
EndProject
Project("{8BC9CEB8-8B4A-11D0-8D11-00A0C91BC942}") = "call_highs_from_cpp", "examples\call_highs_from_cpp.vcxproj", "{3A9AC03F-667A-35F1-9C47-6430183985D8}"
	ProjectSection(ProjectDependencies) = postProject
		{A1DF2C03-5C75-34A7-80B6-3CC7173E0FEB} = {A1DF2C03-5C75-34A7-80B6-3CC7173E0FEB}
		{5FB557AB-AC9D-38B3-A896-5AAEB127BAD0} = {5FB557AB-AC9D-38B3-A896-5AAEB127BAD0}
	EndProjectSection
EndProject
Project("{8BC9CEB8-8B4A-11D0-8D11-00A0C91BC942}") = "highs", "highs\highs.vcxproj", "{5FB557AB-AC9D-38B3-A896-5AAEB127BAD0}"
	ProjectSection(ProjectDependencies) = postProject
		{A1DF2C03-5C75-34A7-80B6-3CC7173E0FEB} = {A1DF2C03-5C75-34A7-80B6-3CC7173E0FEB}
	EndProjectSection
EndProject
Project("{8BC9CEB8-8B4A-11D0-8D11-00A0C91BC942}") = "highs-bin", "app\highs-bin.vcxproj", "{94BA2080-B185-38F6-BC6F-686E697D20E5}"
	ProjectSection(ProjectDependencies) = postProject
		{A1DF2C03-5C75-34A7-80B6-3CC7173E0FEB} = {A1DF2C03-5C75-34A7-80B6-3CC7173E0FEB}
		{5FB557AB-AC9D-38B3-A896-5AAEB127BAD0} = {5FB557AB-AC9D-38B3-A896-5AAEB127BAD0}
	EndProjectSection
EndProject
Global
	GlobalSection(SolutionConfigurationPlatforms) = preSolution
		Debug|x64 = Debug|x64
		Release|x64 = Release|x64
		MinSizeRel|x64 = MinSizeRel|x64
		RelWithDebInfo|x64 = RelWithDebInfo|x64
	EndGlobalSection
	GlobalSection(ProjectConfigurationPlatforms) = postSolution
		{D6380F32-74E1-3880-A7EF-D28D96C30FFD}.Debug|x64.ActiveCfg = Debug|x64
		{D6380F32-74E1-3880-A7EF-D28D96C30FFD}.Debug|x64.Build.0 = Debug|x64
		{D6380F32-74E1-3880-A7EF-D28D96C30FFD}.Release|x64.ActiveCfg = Release|x64
		{D6380F32-74E1-3880-A7EF-D28D96C30FFD}.Release|x64.Build.0 = Release|x64
		{D6380F32-74E1-3880-A7EF-D28D96C30FFD}.MinSizeRel|x64.ActiveCfg = MinSizeRel|x64
		{D6380F32-74E1-3880-A7EF-D28D96C30FFD}.MinSizeRel|x64.Build.0 = MinSizeRel|x64
		{D6380F32-74E1-3880-A7EF-D28D96C30FFD}.RelWithDebInfo|x64.ActiveCfg = RelWithDebInfo|x64
		{D6380F32-74E1-3880-A7EF-D28D96C30FFD}.RelWithDebInfo|x64.Build.0 = RelWithDebInfo|x64
		{D1FA5B63-ABB6-3B13-895D-D86938E1C3B5}.Debug|x64.ActiveCfg = Debug|x64
		{D1FA5B63-ABB6-3B13-895D-D86938E1C3B5}.Release|x64.ActiveCfg = Release|x64
		{D1FA5B63-ABB6-3B13-895D-D86938E1C3B5}.MinSizeRel|x64.ActiveCfg = MinSizeRel|x64
		{D1FA5B63-ABB6-3B13-895D-D86938E1C3B5}.RelWithDebInfo|x64.ActiveCfg = RelWithDebInfo|x64
		{6A2D9BDD-C080-3286-B534-D5B7D17FCAEC}.Debug|x64.ActiveCfg = Debug|x64
		{6A2D9BDD-C080-3286-B534-D5B7D17FCAEC}.Release|x64.ActiveCfg = Release|x64
		{6A2D9BDD-C080-3286-B534-D5B7D17FCAEC}.MinSizeRel|x64.ActiveCfg = MinSizeRel|x64
		{6A2D9BDD-C080-3286-B534-D5B7D17FCAEC}.RelWithDebInfo|x64.ActiveCfg = RelWithDebInfo|x64
		{788ED44A-E9EB-37CD-A9DB-CEBFA5A40B51}.Debug|x64.ActiveCfg = Debug|x64
		{788ED44A-E9EB-37CD-A9DB-CEBFA5A40B51}.Release|x64.ActiveCfg = Release|x64
		{788ED44A-E9EB-37CD-A9DB-CEBFA5A40B51}.MinSizeRel|x64.ActiveCfg = MinSizeRel|x64
		{788ED44A-E9EB-37CD-A9DB-CEBFA5A40B51}.RelWithDebInfo|x64.ActiveCfg = RelWithDebInfo|x64
		{7A7589DA-D3AC-368F-8916-FA28F7A69B78}.Debug|x64.ActiveCfg = Debug|x64
		{7A7589DA-D3AC-368F-8916-FA28F7A69B78}.Release|x64.ActiveCfg = Release|x64
		{7A7589DA-D3AC-368F-8916-FA28F7A69B78}.MinSizeRel|x64.ActiveCfg = MinSizeRel|x64
		{7A7589DA-D3AC-368F-8916-FA28F7A69B78}.RelWithDebInfo|x64.ActiveCfg = RelWithDebInfo|x64
		{5CABF356-7053-36DB-94F7-D6A03DF42B63}.Debug|x64.ActiveCfg = Debug|x64
		{5CABF356-7053-36DB-94F7-D6A03DF42B63}.Release|x64.ActiveCfg = Release|x64
		{5CABF356-7053-36DB-94F7-D6A03DF42B63}.MinSizeRel|x64.ActiveCfg = MinSizeRel|x64
		{5CABF356-7053-36DB-94F7-D6A03DF42B63}.RelWithDebInfo|x64.ActiveCfg = RelWithDebInfo|x64
		{022C7221-99EC-34F6-B777-B47FB86F8397}.Debug|x64.ActiveCfg = Debug|x64
		{022C7221-99EC-34F6-B777-B47FB86F8397}.Release|x64.ActiveCfg = Release|x64
		{022C7221-99EC-34F6-B777-B47FB86F8397}.MinSizeRel|x64.ActiveCfg = MinSizeRel|x64
		{022C7221-99EC-34F6-B777-B47FB86F8397}.RelWithDebInfo|x64.ActiveCfg = RelWithDebInfo|x64
		{9A9BB6AA-7C80-3106-8377-C305B5641D93}.Debug|x64.ActiveCfg = Debug|x64
		{9A9BB6AA-7C80-3106-8377-C305B5641D93}.Release|x64.ActiveCfg = Release|x64
		{9A9BB6AA-7C80-3106-8377-C305B5641D93}.MinSizeRel|x64.ActiveCfg = MinSizeRel|x64
		{9A9BB6AA-7C80-3106-8377-C305B5641D93}.RelWithDebInfo|x64.ActiveCfg = RelWithDebInfo|x64
		{A1DF2C03-5C75-34A7-80B6-3CC7173E0FEB}.Debug|x64.ActiveCfg = Debug|x64
		{A1DF2C03-5C75-34A7-80B6-3CC7173E0FEB}.Debug|x64.Build.0 = Debug|x64
		{A1DF2C03-5C75-34A7-80B6-3CC7173E0FEB}.Release|x64.ActiveCfg = Release|x64
		{A1DF2C03-5C75-34A7-80B6-3CC7173E0FEB}.Release|x64.Build.0 = Release|x64
		{A1DF2C03-5C75-34A7-80B6-3CC7173E0FEB}.MinSizeRel|x64.ActiveCfg = MinSizeRel|x64
		{A1DF2C03-5C75-34A7-80B6-3CC7173E0FEB}.MinSizeRel|x64.Build.0 = MinSizeRel|x64
		{A1DF2C03-5C75-34A7-80B6-3CC7173E0FEB}.RelWithDebInfo|x64.ActiveCfg = RelWithDebInfo|x64
		{A1DF2C03-5C75-34A7-80B6-3CC7173E0FEB}.RelWithDebInfo|x64.Build.0 = RelWithDebInfo|x64
		{1960E9D2-8B79-326B-A6DE-29C293ED4405}.Debug|x64.ActiveCfg = Debug|x64
		{1960E9D2-8B79-326B-A6DE-29C293ED4405}.Debug|x64.Build.0 = Debug|x64
		{1960E9D2-8B79-326B-A6DE-29C293ED4405}.Release|x64.ActiveCfg = Release|x64
		{1960E9D2-8B79-326B-A6DE-29C293ED4405}.Release|x64.Build.0 = Release|x64
		{1960E9D2-8B79-326B-A6DE-29C293ED4405}.MinSizeRel|x64.ActiveCfg = MinSizeRel|x64
		{1960E9D2-8B79-326B-A6DE-29C293ED4405}.MinSizeRel|x64.Build.0 = MinSizeRel|x64
		{1960E9D2-8B79-326B-A6DE-29C293ED4405}.RelWithDebInfo|x64.ActiveCfg = RelWithDebInfo|x64
		{1960E9D2-8B79-326B-A6DE-29C293ED4405}.RelWithDebInfo|x64.Build.0 = RelWithDebInfo|x64
		{3A9AC03F-667A-35F1-9C47-6430183985D8}.Debug|x64.ActiveCfg = Debug|x64
		{3A9AC03F-667A-35F1-9C47-6430183985D8}.Debug|x64.Build.0 = Debug|x64
		{3A9AC03F-667A-35F1-9C47-6430183985D8}.Release|x64.ActiveCfg = Release|x64
		{3A9AC03F-667A-35F1-9C47-6430183985D8}.Release|x64.Build.0 = Release|x64
		{3A9AC03F-667A-35F1-9C47-6430183985D8}.MinSizeRel|x64.ActiveCfg = MinSizeRel|x64
		{3A9AC03F-667A-35F1-9C47-6430183985D8}.MinSizeRel|x64.Build.0 = MinSizeRel|x64
		{3A9AC03F-667A-35F1-9C47-6430183985D8}.RelWithDebInfo|x64.ActiveCfg = RelWithDebInfo|x64
		{3A9AC03F-667A-35F1-9C47-6430183985D8}.RelWithDebInfo|x64.Build.0 = RelWithDebInfo|x64
		{5FB557AB-AC9D-38B3-A896-5AAEB127BAD0}.Debug|x64.ActiveCfg = Debug|x64
		{5FB557AB-AC9D-38B3-A896-5AAEB127BAD0}.Debug|x64.Build.0 = Debug|x64
		{5FB557AB-AC9D-38B3-A896-5AAEB127BAD0}.Release|x64.ActiveCfg = Release|x64
		{5FB557AB-AC9D-38B3-A896-5AAEB127BAD0}.Release|x64.Build.0 = Release|x64
		{5FB557AB-AC9D-38B3-A896-5AAEB127BAD0}.MinSizeRel|x64.ActiveCfg = MinSizeRel|x64
		{5FB557AB-AC9D-38B3-A896-5AAEB127BAD0}.MinSizeRel|x64.Build.0 = MinSizeRel|x64
		{5FB557AB-AC9D-38B3-A896-5AAEB127BAD0}.RelWithDebInfo|x64.ActiveCfg = RelWithDebInfo|x64
		{5FB557AB-AC9D-38B3-A896-5AAEB127BAD0}.RelWithDebInfo|x64.Build.0 = RelWithDebInfo|x64
		{94BA2080-B185-38F6-BC6F-686E697D20E5}.Debug|x64.ActiveCfg = Debug|x64
		{94BA2080-B185-38F6-BC6F-686E697D20E5}.Debug|x64.Build.0 = Debug|x64
		{94BA2080-B185-38F6-BC6F-686E697D20E5}.Release|x64.ActiveCfg = Release|x64
		{94BA2080-B185-38F6-BC6F-686E697D20E5}.Release|x64.Build.0 = Release|x64
		{94BA2080-B185-38F6-BC6F-686E697D20E5}.MinSizeRel|x64.ActiveCfg = MinSizeRel|x64
		{94BA2080-B185-38F6-BC6F-686E697D20E5}.MinSizeRel|x64.Build.0 = MinSizeRel|x64
		{94BA2080-B185-38F6-BC6F-686E697D20E5}.RelWithDebInfo|x64.ActiveCfg = RelWithDebInfo|x64
		{94BA2080-B185-38F6-BC6F-686E697D20E5}.RelWithDebInfo|x64.Build.0 = RelWithDebInfo|x64
	EndGlobalSection
	GlobalSection(NestedProjects) = preSolution
		{D6380F32-74E1-3880-A7EF-D28D96C30FFD} = {98557866-9F38-32FB-A7E6-A63FA7ADD76D}
		{788ED44A-E9EB-37CD-A9DB-CEBFA5A40B51} = {98557866-9F38-32FB-A7E6-A63FA7ADD76D}
		{022C7221-99EC-34F6-B777-B47FB86F8397} = {98557866-9F38-32FB-A7E6-A63FA7ADD76D}
		{9A9BB6AA-7C80-3106-8377-C305B5641D93} = {98557866-9F38-32FB-A7E6-A63FA7ADD76D}
		{A1DF2C03-5C75-34A7-80B6-3CC7173E0FEB} = {98557866-9F38-32FB-A7E6-A63FA7ADD76D}
		{D1FA5B63-ABB6-3B13-895D-D86938E1C3B5} = {E5CA8DCD-9698-3630-BE1B-42A2C816646A}
		{6A2D9BDD-C080-3286-B534-D5B7D17FCAEC} = {E5CA8DCD-9698-3630-BE1B-42A2C816646A}
		{7A7589DA-D3AC-368F-8916-FA28F7A69B78} = {E5CA8DCD-9698-3630-BE1B-42A2C816646A}
		{5CABF356-7053-36DB-94F7-D6A03DF42B63} = {E5CA8DCD-9698-3630-BE1B-42A2C816646A}
	EndGlobalSection
	GlobalSection(ExtensibilityGlobals) = postSolution
		SolutionGuid = {BDB823EE-503C-3EBC-BD9D-B7977A7D1BF0}
	EndGlobalSection
	GlobalSection(ExtensibilityAddIns) = postSolution
	EndGlobalSection
EndGlobal
