
Microsoft Visual Studio Solution File, Format Version 12.00
# Visual Studio Version 17
Project("{2150E333-8FDC-42A3-9474-1A3956D46DE8}") = "CMakePredefinedTargets", "CMakePredefinedTargets", "{9E591585-54BD-3932-8B5C-29F4E287278E}"
EndProject
Project("{8BC9CEB8-8B4A-11D0-8D11-00A0C91BC942}") = "ALL_BUILD", "ALL_BUILD.vcxproj", "{23F9AB93-507D-3C60-9557-7CBDA88DBCD3}"
	ProjectSection(ProjectDependencies) = postProject
		{798692AC-8D3C-3FB6-9C51-4A7709E49FAA} = {798692AC-8D3C-3FB6-9C51-4A7709E49FAA}
		{A9964448-7F49-3ED1-A8F8-8DC6F7194320} = {A9964448-7F49-3ED1-A8F8-8DC6F7194320}
		{C481ADDB-1E96-3970-9D60-8ECD97EEF9C2} = {C481ADDB-1E96-3970-9D60-8ECD97EEF9C2}
		{CD42950E-AAF2-36A6-BB58-2F5D8F917D76} = {CD42950E-AAF2-36A6-BB58-2F5D8F917D76}
		{FAD02823-52D8-3B5C-97A6-A4EDC27A2C14} = {FAD02823-52D8-3B5C-97A6-A4EDC27A2C14}
		{04385C73-5822-34C7-9838-D575866DC901} = {04385C73-5822-34C7-9838-D575866DC901}
		{17E67570-FDD4-3AB6-BDC7-001F78FA7E19} = {17E67570-FDD4-3AB6-BDC7-001F78FA7E19}
		{F92B32DA-694F-32BD-A14F-7C7651B8A3FD} = {F92B32DA-694F-32BD-A14F-7C7651B8A3FD}
		{900B0303-6363-375F-820D-DE3F79214DEE} = {900B0303-6363-375F-820D-DE3F79214DEE}
		{350644A5-7461-30ED-A4FE-B5EC166D5A56} = {350644A5-7461-30ED-A4FE-B5EC166D5A56}
		{20D60C3A-EA86-328A-8B1C-E5D8D891E0B2} = {20D60C3A-EA86-328A-8B1C-E5D8D891E0B2}
		{45A584A9-CCD6-331D-A363-A701B25FA414} = {45A584A9-CCD6-331D-A363-A701B25FA414}
		{76972865-6AF2-3B88-9069-A146D614DD14} = {76972865-6AF2-3B88-9069-A146D614DD14}
		{5EB0788C-B4A9-3E1A-A2B6-FBAED123135E} = {5EB0788C-B4A9-3E1A-A2B6-FBAED123135E}
		{0206836C-D675-34D0-9F53-A2CA483FCEE3} = {0206836C-D675-34D0-9F53-A2CA483FCEE3}
		{BFF21C48-F053-395E-81E5-42783C195B14} = {BFF21C48-F053-395E-81E5-42783C195B14}
		{9B220EAC-4C83-3C43-AD10-72567FC6193A} = {9B220EAC-4C83-3C43-AD10-72567FC6193A}
		{84E3D7BC-F6DD-34B7-ADDA-9C3E7432E258} = {84E3D7BC-F6DD-34B7-ADDA-9C3E7432E258}
		{2ACC6605-5A0D-3D52-90AE-E59FEDAE9F7D} = {2ACC6605-5A0D-3D52-90AE-E59FEDAE9F7D}
		{3708BEC9-75D8-3655-846E-6B69A7BA3DD4} = {3708BEC9-75D8-3655-846E-6B69A7BA3DD4}
		{7F848D14-E0B5-37A8-9305-5E091C549055} = {7F848D14-E0B5-37A8-9305-5E091C549055}
		{8E0063B6-9D11-3DC0-8D6B-51F208ECE2A1} = {8E0063B6-9D11-3DC0-8D6B-51F208ECE2A1}
		{8B8517C0-54E1-3DDC-AE93-367633EB1049} = {8B8517C0-54E1-3DDC-AE93-367633EB1049}
		{9EF90939-FF49-37E0-A6AA-59D5787886F4} = {9EF90939-FF49-37E0-A6AA-59D5787886F4}
		{58741A4B-73C3-34F4-9ED6-9EA1A0C5F8BA} = {58741A4B-73C3-34F4-9ED6-9EA1A0C5F8BA}
		{E327F9FF-72FD-3D77-B152-C3970548A598} = {E327F9FF-72FD-3D77-B152-C3970548A598}
		{40DFDB39-79DD-3721-B081-4FE0223E0D84} = {40DFDB39-79DD-3721-B081-4FE0223E0D84}
		{4BB1813B-4662-327D-885B-01E82B7A7EB0} = {4BB1813B-4662-327D-885B-01E82B7A7EB0}
	EndProjectSection
EndProject
Project("{8BC9CEB8-8B4A-11D0-8D11-00A0C91BC942}") = "INSTALL", "INSTALL.vcxproj", "{F4C3F223-CFB3-38FF-9DDE-612B767F2865}"
	ProjectSection(ProjectDependencies) = postProject
		{23F9AB93-507D-3C60-9557-7CBDA88DBCD3} = {23F9AB93-507D-3C60-9557-7CBDA88DBCD3}
		{C481ADDB-1E96-3970-9D60-8ECD97EEF9C2} = {C481ADDB-1E96-3970-9D60-8ECD97EEF9C2}
	EndProjectSection
EndProject
Project("{8BC9CEB8-8B4A-11D0-8D11-00A0C91BC942}") = "LAPACKE", "_deps\openblas-build\LAPACKE.vcxproj", "{798692AC-8D3C-3FB6-9C51-4A7709E49FAA}"
	ProjectSection(ProjectDependencies) = postProject
		{C481ADDB-1E96-3970-9D60-8ECD97EEF9C2} = {C481ADDB-1E96-3970-9D60-8ECD97EEF9C2}
	EndProjectSection
EndProject
Project("{8BC9CEB8-8B4A-11D0-8D11-00A0C91BC942}") = "LAPACK_OVERRIDES", "_deps\openblas-build\LAPACK_OVERRIDES.vcxproj", "{A9964448-7F49-3ED1-A8F8-8DC6F7194320}"
	ProjectSection(ProjectDependencies) = postProject
		{C481ADDB-1E96-3970-9D60-8ECD97EEF9C2} = {C481ADDB-1E96-3970-9D60-8ECD97EEF9C2}
	EndProjectSection
EndProject
Project("{8BC9CEB8-8B4A-11D0-8D11-00A0C91BC942}") = "PACKAGE", "PACKAGE.vcxproj", "{BB1AE60B-4EC3-36C8-B64A-C93621E5185B}"
	ProjectSection(ProjectDependencies) = postProject
		{23F9AB93-507D-3C60-9557-7CBDA88DBCD3} = {23F9AB93-507D-3C60-9557-7CBDA88DBCD3}
		{C481ADDB-1E96-3970-9D60-8ECD97EEF9C2} = {C481ADDB-1E96-3970-9D60-8ECD97EEF9C2}
	EndProjectSection
EndProject
Project("{8BC9CEB8-8B4A-11D0-8D11-00A0C91BC942}") = "ZERO_CHECK", "ZERO_CHECK.vcxproj", "{C481ADDB-1E96-3970-9D60-8ECD97EEF9C2}"
	ProjectSection(ProjectDependencies) = postProject
	EndProjectSection
EndProject
Project("{8BC9CEB8-8B4A-11D0-8D11-00A0C91BC942}") = "call_highs_from_c_minimal", "examples\call_highs_from_c_minimal.vcxproj", "{CD42950E-AAF2-36A6-BB58-2F5D8F917D76}"
	ProjectSection(ProjectDependencies) = postProject
		{C481ADDB-1E96-3970-9D60-8ECD97EEF9C2} = {C481ADDB-1E96-3970-9D60-8ECD97EEF9C2}
		{900B0303-6363-375F-820D-DE3F79214DEE} = {900B0303-6363-375F-820D-DE3F79214DEE}
		{5EB0788C-B4A9-3E1A-A2B6-FBAED123135E} = {5EB0788C-B4A9-3E1A-A2B6-FBAED123135E}
	EndProjectSection
EndProject
Project("{8BC9CEB8-8B4A-11D0-8D11-00A0C91BC942}") = "call_highs_from_cpp", "examples\call_highs_from_cpp.vcxproj", "{FAD02823-52D8-3B5C-97A6-A4EDC27A2C14}"
	ProjectSection(ProjectDependencies) = postProject
		{C481ADDB-1E96-3970-9D60-8ECD97EEF9C2} = {C481ADDB-1E96-3970-9D60-8ECD97EEF9C2}
		{900B0303-6363-375F-820D-DE3F79214DEE} = {900B0303-6363-375F-820D-DE3F79214DEE}
		{5EB0788C-B4A9-3E1A-A2B6-FBAED123135E} = {5EB0788C-B4A9-3E1A-A2B6-FBAED123135E}
	EndProjectSection
EndProject
Project("{8BC9CEB8-8B4A-11D0-8D11-00A0C91BC942}") = "driver_level2", "_deps\openblas-build\driver\level2\driver_level2.vcxproj", "{04385C73-5822-34C7-9838-D575866DC901}"
	ProjectSection(ProjectDependencies) = postProject
		{C481ADDB-1E96-3970-9D60-8ECD97EEF9C2} = {C481ADDB-1E96-3970-9D60-8ECD97EEF9C2}
	EndProjectSection
EndProject
Project("{8BC9CEB8-8B4A-11D0-8D11-00A0C91BC942}") = "driver_level3", "_deps\openblas-build\driver\level3\driver_level3.vcxproj", "{17E67570-FDD4-3AB6-BDC7-001F78FA7E19}"
	ProjectSection(ProjectDependencies) = postProject
		{C481ADDB-1E96-3970-9D60-8ECD97EEF9C2} = {C481ADDB-1E96-3970-9D60-8ECD97EEF9C2}
	EndProjectSection
EndProject
Project("{8BC9CEB8-8B4A-11D0-8D11-00A0C91BC942}") = "driver_others", "_deps\openblas-build\driver\others\driver_others.vcxproj", "{F92B32DA-694F-32BD-A14F-7C7651B8A3FD}"
	ProjectSection(ProjectDependencies) = postProject
		{C481ADDB-1E96-3970-9D60-8ECD97EEF9C2} = {C481ADDB-1E96-3970-9D60-8ECD97EEF9C2}
	EndProjectSection
EndProject
Project("{8BC9CEB8-8B4A-11D0-8D11-00A0C91BC942}") = "genlapacke", "_deps\openblas-build\genlapacke.vcxproj", "{4BACA7C2-A71C-3543-AF63-6FCC0B8B2716}"
	ProjectSection(ProjectDependencies) = postProject
		{C481ADDB-1E96-3970-9D60-8ECD97EEF9C2} = {C481ADDB-1E96-3970-9D60-8ECD97EEF9C2}
	EndProjectSection
EndProject
Project("{8BC9CEB8-8B4A-11D0-8D11-00A0C91BC942}") = "highs", "highs\highs.vcxproj", "{900B0303-6363-375F-820D-DE3F79214DEE}"
	ProjectSection(ProjectDependencies) = postProject
		{C481ADDB-1E96-3970-9D60-8ECD97EEF9C2} = {C481ADDB-1E96-3970-9D60-8ECD97EEF9C2}
		{5EB0788C-B4A9-3E1A-A2B6-FBAED123135E} = {5EB0788C-B4A9-3E1A-A2B6-FBAED123135E}
	EndProjectSection
EndProject
Project("{8BC9CEB8-8B4A-11D0-8D11-00A0C91BC942}") = "highs-bin", "app\highs-bin.vcxproj", "{350644A5-7461-30ED-A4FE-B5EC166D5A56}"
	ProjectSection(ProjectDependencies) = postProject
		{C481ADDB-1E96-3970-9D60-8ECD97EEF9C2} = {C481ADDB-1E96-3970-9D60-8ECD97EEF9C2}
		{900B0303-6363-375F-820D-DE3F79214DEE} = {900B0303-6363-375F-820D-DE3F79214DEE}
		{5EB0788C-B4A9-3E1A-A2B6-FBAED123135E} = {5EB0788C-B4A9-3E1A-A2B6-FBAED123135E}
	EndProjectSection
EndProject
Project("{8BC9CEB8-8B4A-11D0-8D11-00A0C91BC942}") = "interface", "_deps\openblas-build\interface\interface.vcxproj", "{20D60C3A-EA86-328A-8B1C-E5D8D891E0B2}"
	ProjectSection(ProjectDependencies) = postProject
		{C481ADDB-1E96-3970-9D60-8ECD97EEF9C2} = {C481ADDB-1E96-3970-9D60-8ECD97EEF9C2}
	EndProjectSection
EndProject
Project("{8BC9CEB8-8B4A-11D0-8D11-00A0C91BC942}") = "kernel", "_deps\openblas-build\kernel\kernel.vcxproj", "{45A584A9-CCD6-331D-A363-A701B25FA414}"
	ProjectSection(ProjectDependencies) = postProject
		{C481ADDB-1E96-3970-9D60-8ECD97EEF9C2} = {C481ADDB-1E96-3970-9D60-8ECD97EEF9C2}
	EndProjectSection
EndProject
Project("{8BC9CEB8-8B4A-11D0-8D11-00A0C91BC942}") = "lapack", "_deps\openblas-build\lapack\lapack.vcxproj", "{76972865-6AF2-3B88-9069-A146D614DD14}"
	ProjectSection(ProjectDependencies) = postProject
		{C481ADDB-1E96-3970-9D60-8ECD97EEF9C2} = {C481ADDB-1E96-3970-9D60-8ECD97EEF9C2}
	EndProjectSection
EndProject
Project("{8BC9CEB8-8B4A-11D0-8D11-00A0C91BC942}") = "openblas_static", "_deps\openblas-build\openblas_static.vcxproj", "{5EB0788C-B4A9-3E1A-A2B6-FBAED123135E}"
	ProjectSection(ProjectDependencies) = postProject
		{798692AC-8D3C-3FB6-9C51-4A7709E49FAA} = {798692AC-8D3C-3FB6-9C51-4A7709E49FAA}
		{A9964448-7F49-3ED1-A8F8-8DC6F7194320} = {A9964448-7F49-3ED1-A8F8-8DC6F7194320}
		{C481ADDB-1E96-3970-9D60-8ECD97EEF9C2} = {C481ADDB-1E96-3970-9D60-8ECD97EEF9C2}
		{04385C73-5822-34C7-9838-D575866DC901} = {04385C73-5822-34C7-9838-D575866DC901}
		{17E67570-FDD4-3AB6-BDC7-001F78FA7E19} = {17E67570-FDD4-3AB6-BDC7-001F78FA7E19}
		{F92B32DA-694F-32BD-A14F-7C7651B8A3FD} = {F92B32DA-694F-32BD-A14F-7C7651B8A3FD}
		{4BACA7C2-A71C-3543-AF63-6FCC0B8B2716} = {4BACA7C2-A71C-3543-AF63-6FCC0B8B2716}
		{20D60C3A-EA86-328A-8B1C-E5D8D891E0B2} = {20D60C3A-EA86-328A-8B1C-E5D8D891E0B2}
		{45A584A9-CCD6-331D-A363-A701B25FA414} = {45A584A9-CCD6-331D-A363-A701B25FA414}
		{76972865-6AF2-3B88-9069-A146D614DD14} = {76972865-6AF2-3B88-9069-A146D614DD14}
	EndProjectSection
EndProject
Project("{8BC9CEB8-8B4A-11D0-8D11-00A0C91BC942}") = "openblas_utest", "_deps\openblas-build\utest\openblas_utest.vcxproj", "{0206836C-D675-34D0-9F53-A2CA483FCEE3}"
	ProjectSection(ProjectDependencies) = postProject
		{C481ADDB-1E96-3970-9D60-8ECD97EEF9C2} = {C481ADDB-1E96-3970-9D60-8ECD97EEF9C2}
		{5EB0788C-B4A9-3E1A-A2B6-FBAED123135E} = {5EB0788C-B4A9-3E1A-A2B6-FBAED123135E}
	EndProjectSection
EndProject
Project("{8BC9CEB8-8B4A-11D0-8D11-00A0C91BC942}") = "openblas_utest_ext", "_deps\openblas-build\utest\openblas_utest_ext.vcxproj", "{BFF21C48-F053-395E-81E5-42783C195B14}"
	ProjectSection(ProjectDependencies) = postProject
		{C481ADDB-1E96-3970-9D60-8ECD97EEF9C2} = {C481ADDB-1E96-3970-9D60-8ECD97EEF9C2}
		{5EB0788C-B4A9-3E1A-A2B6-FBAED123135E} = {5EB0788C-B4A9-3E1A-A2B6-FBAED123135E}
	EndProjectSection
EndProject
Project("{8BC9CEB8-8B4A-11D0-8D11-00A0C91BC942}") = "xccblat1", "_deps\openblas-build\ctest\xccblat1.vcxproj", "{9B220EAC-4C83-3C43-AD10-72567FC6193A}"
	ProjectSection(ProjectDependencies) = postProject
		{C481ADDB-1E96-3970-9D60-8ECD97EEF9C2} = {C481ADDB-1E96-3970-9D60-8ECD97EEF9C2}
		{5EB0788C-B4A9-3E1A-A2B6-FBAED123135E} = {5EB0788C-B4A9-3E1A-A2B6-FBAED123135E}
	EndProjectSection
EndProject
Project("{8BC9CEB8-8B4A-11D0-8D11-00A0C91BC942}") = "xccblat2", "_deps\openblas-build\ctest\xccblat2.vcxproj", "{84E3D7BC-F6DD-34B7-ADDA-9C3E7432E258}"
	ProjectSection(ProjectDependencies) = postProject
		{C481ADDB-1E96-3970-9D60-8ECD97EEF9C2} = {C481ADDB-1E96-3970-9D60-8ECD97EEF9C2}
		{5EB0788C-B4A9-3E1A-A2B6-FBAED123135E} = {5EB0788C-B4A9-3E1A-A2B6-FBAED123135E}
	EndProjectSection
EndProject
Project("{8BC9CEB8-8B4A-11D0-8D11-00A0C91BC942}") = "xccblat3", "_deps\openblas-build\ctest\xccblat3.vcxproj", "{2ACC6605-5A0D-3D52-90AE-E59FEDAE9F7D}"
	ProjectSection(ProjectDependencies) = postProject
		{C481ADDB-1E96-3970-9D60-8ECD97EEF9C2} = {C481ADDB-1E96-3970-9D60-8ECD97EEF9C2}
		{5EB0788C-B4A9-3E1A-A2B6-FBAED123135E} = {5EB0788C-B4A9-3E1A-A2B6-FBAED123135E}
	EndProjectSection
EndProject
Project("{8BC9CEB8-8B4A-11D0-8D11-00A0C91BC942}") = "xdcblat1", "_deps\openblas-build\ctest\xdcblat1.vcxproj", "{3708BEC9-75D8-3655-846E-6B69A7BA3DD4}"
	ProjectSection(ProjectDependencies) = postProject
		{C481ADDB-1E96-3970-9D60-8ECD97EEF9C2} = {C481ADDB-1E96-3970-9D60-8ECD97EEF9C2}
		{5EB0788C-B4A9-3E1A-A2B6-FBAED123135E} = {5EB0788C-B4A9-3E1A-A2B6-FBAED123135E}
	EndProjectSection
EndProject
Project("{8BC9CEB8-8B4A-11D0-8D11-00A0C91BC942}") = "xdcblat2", "_deps\openblas-build\ctest\xdcblat2.vcxproj", "{7F848D14-E0B5-37A8-9305-5E091C549055}"
	ProjectSection(ProjectDependencies) = postProject
		{C481ADDB-1E96-3970-9D60-8ECD97EEF9C2} = {C481ADDB-1E96-3970-9D60-8ECD97EEF9C2}
		{5EB0788C-B4A9-3E1A-A2B6-FBAED123135E} = {5EB0788C-B4A9-3E1A-A2B6-FBAED123135E}
	EndProjectSection
EndProject
Project("{8BC9CEB8-8B4A-11D0-8D11-00A0C91BC942}") = "xdcblat3", "_deps\openblas-build\ctest\xdcblat3.vcxproj", "{8E0063B6-9D11-3DC0-8D6B-51F208ECE2A1}"
	ProjectSection(ProjectDependencies) = postProject
		{C481ADDB-1E96-3970-9D60-8ECD97EEF9C2} = {C481ADDB-1E96-3970-9D60-8ECD97EEF9C2}
		{5EB0788C-B4A9-3E1A-A2B6-FBAED123135E} = {5EB0788C-B4A9-3E1A-A2B6-FBAED123135E}
	EndProjectSection
EndProject
Project("{8BC9CEB8-8B4A-11D0-8D11-00A0C91BC942}") = "xscblat1", "_deps\openblas-build\ctest\xscblat1.vcxproj", "{8B8517C0-54E1-3DDC-AE93-367633EB1049}"
	ProjectSection(ProjectDependencies) = postProject
		{C481ADDB-1E96-3970-9D60-8ECD97EEF9C2} = {C481ADDB-1E96-3970-9D60-8ECD97EEF9C2}
		{5EB0788C-B4A9-3E1A-A2B6-FBAED123135E} = {5EB0788C-B4A9-3E1A-A2B6-FBAED123135E}
	EndProjectSection
EndProject
Project("{8BC9CEB8-8B4A-11D0-8D11-00A0C91BC942}") = "xscblat2", "_deps\openblas-build\ctest\xscblat2.vcxproj", "{9EF90939-FF49-37E0-A6AA-59D5787886F4}"
	ProjectSection(ProjectDependencies) = postProject
		{C481ADDB-1E96-3970-9D60-8ECD97EEF9C2} = {C481ADDB-1E96-3970-9D60-8ECD97EEF9C2}
		{5EB0788C-B4A9-3E1A-A2B6-FBAED123135E} = {5EB0788C-B4A9-3E1A-A2B6-FBAED123135E}
	EndProjectSection
EndProject
Project("{8BC9CEB8-8B4A-11D0-8D11-00A0C91BC942}") = "xscblat3", "_deps\openblas-build\ctest\xscblat3.vcxproj", "{58741A4B-73C3-34F4-9ED6-9EA1A0C5F8BA}"
	ProjectSection(ProjectDependencies) = postProject
		{C481ADDB-1E96-3970-9D60-8ECD97EEF9C2} = {C481ADDB-1E96-3970-9D60-8ECD97EEF9C2}
		{5EB0788C-B4A9-3E1A-A2B6-FBAED123135E} = {5EB0788C-B4A9-3E1A-A2B6-FBAED123135E}
	EndProjectSection
EndProject
Project("{8BC9CEB8-8B4A-11D0-8D11-00A0C91BC942}") = "xzcblat1", "_deps\openblas-build\ctest\xzcblat1.vcxproj", "{E327F9FF-72FD-3D77-B152-C3970548A598}"
	ProjectSection(ProjectDependencies) = postProject
		{C481ADDB-1E96-3970-9D60-8ECD97EEF9C2} = {C481ADDB-1E96-3970-9D60-8ECD97EEF9C2}
		{5EB0788C-B4A9-3E1A-A2B6-FBAED123135E} = {5EB0788C-B4A9-3E1A-A2B6-FBAED123135E}
	EndProjectSection
EndProject
Project("{8BC9CEB8-8B4A-11D0-8D11-00A0C91BC942}") = "xzcblat2", "_deps\openblas-build\ctest\xzcblat2.vcxproj", "{40DFDB39-79DD-3721-B081-4FE0223E0D84}"
	ProjectSection(ProjectDependencies) = postProject
		{C481ADDB-1E96-3970-9D60-8ECD97EEF9C2} = {C481ADDB-1E96-3970-9D60-8ECD97EEF9C2}
		{5EB0788C-B4A9-3E1A-A2B6-FBAED123135E} = {5EB0788C-B4A9-3E1A-A2B6-FBAED123135E}
	EndProjectSection
EndProject
Project("{8BC9CEB8-8B4A-11D0-8D11-00A0C91BC942}") = "xzcblat3", "_deps\openblas-build\ctest\xzcblat3.vcxproj", "{4BB1813B-4662-327D-885B-01E82B7A7EB0}"
	ProjectSection(ProjectDependencies) = postProject
		{C481ADDB-1E96-3970-9D60-8ECD97EEF9C2} = {C481ADDB-1E96-3970-9D60-8ECD97EEF9C2}
		{5EB0788C-B4A9-3E1A-A2B6-FBAED123135E} = {5EB0788C-B4A9-3E1A-A2B6-FBAED123135E}
	EndProjectSection
EndProject
Global
	GlobalSection(SolutionConfigurationPlatforms) = preSolution
		Debug|Win32 = Debug|Win32
		Release|Win32 = Release|Win32
		MinSizeRel|Win32 = MinSizeRel|Win32
		RelWithDebInfo|Win32 = RelWithDebInfo|Win32
	EndGlobalSection
	GlobalSection(ProjectConfigurationPlatforms) = postSolution
		{23F9AB93-507D-3C60-9557-7CBDA88DBCD3}.Debug|Win32.ActiveCfg = Debug|Win32
		{23F9AB93-507D-3C60-9557-7CBDA88DBCD3}.Debug|Win32.Build.0 = Debug|Win32
		{23F9AB93-507D-3C60-9557-7CBDA88DBCD3}.Release|Win32.ActiveCfg = Release|Win32
		{23F9AB93-507D-3C60-9557-7CBDA88DBCD3}.Release|Win32.Build.0 = Release|Win32
		{23F9AB93-507D-3C60-9557-7CBDA88DBCD3}.MinSizeRel|Win32.ActiveCfg = MinSizeRel|Win32
		{23F9AB93-507D-3C60-9557-7CBDA88DBCD3}.MinSizeRel|Win32.Build.0 = MinSizeRel|Win32
		{23F9AB93-507D-3C60-9557-7CBDA88DBCD3}.RelWithDebInfo|Win32.ActiveCfg = RelWithDebInfo|Win32
		{23F9AB93-507D-3C60-9557-7CBDA88DBCD3}.RelWithDebInfo|Win32.Build.0 = RelWithDebInfo|Win32
		{F4C3F223-CFB3-38FF-9DDE-612B767F2865}.Debug|Win32.ActiveCfg = Debug|Win32
		{F4C3F223-CFB3-38FF-9DDE-612B767F2865}.Release|Win32.ActiveCfg = Release|Win32
		{F4C3F223-CFB3-38FF-9DDE-612B767F2865}.MinSizeRel|Win32.ActiveCfg = MinSizeRel|Win32
		{F4C3F223-CFB3-38FF-9DDE-612B767F2865}.RelWithDebInfo|Win32.ActiveCfg = RelWithDebInfo|Win32
		{798692AC-8D3C-3FB6-9C51-4A7709E49FAA}.Debug|Win32.ActiveCfg = Debug|Win32
		{798692AC-8D3C-3FB6-9C51-4A7709E49FAA}.Debug|Win32.Build.0 = Debug|Win32
		{798692AC-8D3C-3FB6-9C51-4A7709E49FAA}.Release|Win32.ActiveCfg = Release|Win32
		{798692AC-8D3C-3FB6-9C51-4A7709E49FAA}.Release|Win32.Build.0 = Release|Win32
		{798692AC-8D3C-3FB6-9C51-4A7709E49FAA}.MinSizeRel|Win32.ActiveCfg = MinSizeRel|Win32
		{798692AC-8D3C-3FB6-9C51-4A7709E49FAA}.MinSizeRel|Win32.Build.0 = MinSizeRel|Win32
		{798692AC-8D3C-3FB6-9C51-4A7709E49FAA}.RelWithDebInfo|Win32.ActiveCfg = RelWithDebInfo|Win32
		{798692AC-8D3C-3FB6-9C51-4A7709E49FAA}.RelWithDebInfo|Win32.Build.0 = RelWithDebInfo|Win32
		{A9964448-7F49-3ED1-A8F8-8DC6F7194320}.Debug|Win32.ActiveCfg = Debug|Win32
		{A9964448-7F49-3ED1-A8F8-8DC6F7194320}.Debug|Win32.Build.0 = Debug|Win32
		{A9964448-7F49-3ED1-A8F8-8DC6F7194320}.Release|Win32.ActiveCfg = Release|Win32
		{A9964448-7F49-3ED1-A8F8-8DC6F7194320}.Release|Win32.Build.0 = Release|Win32
		{A9964448-7F49-3ED1-A8F8-8DC6F7194320}.MinSizeRel|Win32.ActiveCfg = MinSizeRel|Win32
		{A9964448-7F49-3ED1-A8F8-8DC6F7194320}.MinSizeRel|Win32.Build.0 = MinSizeRel|Win32
		{A9964448-7F49-3ED1-A8F8-8DC6F7194320}.RelWithDebInfo|Win32.ActiveCfg = RelWithDebInfo|Win32
		{A9964448-7F49-3ED1-A8F8-8DC6F7194320}.RelWithDebInfo|Win32.Build.0 = RelWithDebInfo|Win32
		{BB1AE60B-4EC3-36C8-B64A-C93621E5185B}.Debug|Win32.ActiveCfg = Debug|Win32
		{BB1AE60B-4EC3-36C8-B64A-C93621E5185B}.Release|Win32.ActiveCfg = Release|Win32
		{BB1AE60B-4EC3-36C8-B64A-C93621E5185B}.MinSizeRel|Win32.ActiveCfg = MinSizeRel|Win32
		{BB1AE60B-4EC3-36C8-B64A-C93621E5185B}.RelWithDebInfo|Win32.ActiveCfg = RelWithDebInfo|Win32
		{C481ADDB-1E96-3970-9D60-8ECD97EEF9C2}.Debug|Win32.ActiveCfg = Debug|Win32
		{C481ADDB-1E96-3970-9D60-8ECD97EEF9C2}.Debug|Win32.Build.0 = Debug|Win32
		{C481ADDB-1E96-3970-9D60-8ECD97EEF9C2}.Release|Win32.ActiveCfg = Release|Win32
		{C481ADDB-1E96-3970-9D60-8ECD97EEF9C2}.Release|Win32.Build.0 = Release|Win32
		{C481ADDB-1E96-3970-9D60-8ECD97EEF9C2}.MinSizeRel|Win32.ActiveCfg = MinSizeRel|Win32
		{C481ADDB-1E96-3970-9D60-8ECD97EEF9C2}.MinSizeRel|Win32.Build.0 = MinSizeRel|Win32
		{C481ADDB-1E96-3970-9D60-8ECD97EEF9C2}.RelWithDebInfo|Win32.ActiveCfg = RelWithDebInfo|Win32
		{C481ADDB-1E96-3970-9D60-8ECD97EEF9C2}.RelWithDebInfo|Win32.Build.0 = RelWithDebInfo|Win32
		{CD42950E-AAF2-36A6-BB58-2F5D8F917D76}.Debug|Win32.ActiveCfg = Debug|Win32
		{CD42950E-AAF2-36A6-BB58-2F5D8F917D76}.Debug|Win32.Build.0 = Debug|Win32
		{CD42950E-AAF2-36A6-BB58-2F5D8F917D76}.Release|Win32.ActiveCfg = Release|Win32
		{CD42950E-AAF2-36A6-BB58-2F5D8F917D76}.Release|Win32.Build.0 = Release|Win32
		{CD42950E-AAF2-36A6-BB58-2F5D8F917D76}.MinSizeRel|Win32.ActiveCfg = MinSizeRel|Win32
		{CD42950E-AAF2-36A6-BB58-2F5D8F917D76}.MinSizeRel|Win32.Build.0 = MinSizeRel|Win32
		{CD42950E-AAF2-36A6-BB58-2F5D8F917D76}.RelWithDebInfo|Win32.ActiveCfg = RelWithDebInfo|Win32
		{CD42950E-AAF2-36A6-BB58-2F5D8F917D76}.RelWithDebInfo|Win32.Build.0 = RelWithDebInfo|Win32
		{FAD02823-52D8-3B5C-97A6-A4EDC27A2C14}.Debug|Win32.ActiveCfg = Debug|Win32
		{FAD02823-52D8-3B5C-97A6-A4EDC27A2C14}.Debug|Win32.Build.0 = Debug|Win32
		{FAD02823-52D8-3B5C-97A6-A4EDC27A2C14}.Release|Win32.ActiveCfg = Release|Win32
		{FAD02823-52D8-3B5C-97A6-A4EDC27A2C14}.Release|Win32.Build.0 = Release|Win32
		{FAD02823-52D8-3B5C-97A6-A4EDC27A2C14}.MinSizeRel|Win32.ActiveCfg = MinSizeRel|Win32
		{FAD02823-52D8-3B5C-97A6-A4EDC27A2C14}.MinSizeRel|Win32.Build.0 = MinSizeRel|Win32
		{FAD02823-52D8-3B5C-97A6-A4EDC27A2C14}.RelWithDebInfo|Win32.ActiveCfg = RelWithDebInfo|Win32
		{FAD02823-52D8-3B5C-97A6-A4EDC27A2C14}.RelWithDebInfo|Win32.Build.0 = RelWithDebInfo|Win32
		{04385C73-5822-34C7-9838-D575866DC901}.Debug|Win32.ActiveCfg = Debug|Win32
		{04385C73-5822-34C7-9838-D575866DC901}.Debug|Win32.Build.0 = Debug|Win32
		{04385C73-5822-34C7-9838-D575866DC901}.Release|Win32.ActiveCfg = Release|Win32
		{04385C73-5822-34C7-9838-D575866DC901}.Release|Win32.Build.0 = Release|Win32
		{04385C73-5822-34C7-9838-D575866DC901}.MinSizeRel|Win32.ActiveCfg = MinSizeRel|Win32
		{04385C73-5822-34C7-9838-D575866DC901}.MinSizeRel|Win32.Build.0 = MinSizeRel|Win32
		{04385C73-5822-34C7-9838-D575866DC901}.RelWithDebInfo|Win32.ActiveCfg = RelWithDebInfo|Win32
		{04385C73-5822-34C7-9838-D575866DC901}.RelWithDebInfo|Win32.Build.0 = RelWithDebInfo|Win32
		{17E67570-FDD4-3AB6-BDC7-001F78FA7E19}.Debug|Win32.ActiveCfg = Debug|Win32
		{17E67570-FDD4-3AB6-BDC7-001F78FA7E19}.Debug|Win32.Build.0 = Debug|Win32
		{17E67570-FDD4-3AB6-BDC7-001F78FA7E19}.Release|Win32.ActiveCfg = Release|Win32
		{17E67570-FDD4-3AB6-BDC7-001F78FA7E19}.Release|Win32.Build.0 = Release|Win32
		{17E67570-FDD4-3AB6-BDC7-001F78FA7E19}.MinSizeRel|Win32.ActiveCfg = MinSizeRel|Win32
		{17E67570-FDD4-3AB6-BDC7-001F78FA7E19}.MinSizeRel|Win32.Build.0 = MinSizeRel|Win32
		{17E67570-FDD4-3AB6-BDC7-001F78FA7E19}.RelWithDebInfo|Win32.ActiveCfg = RelWithDebInfo|Win32
		{17E67570-FDD4-3AB6-BDC7-001F78FA7E19}.RelWithDebInfo|Win32.Build.0 = RelWithDebInfo|Win32
		{F92B32DA-694F-32BD-A14F-7C7651B8A3FD}.Debug|Win32.ActiveCfg = Debug|Win32
		{F92B32DA-694F-32BD-A14F-7C7651B8A3FD}.Debug|Win32.Build.0 = Debug|Win32
		{F92B32DA-694F-32BD-A14F-7C7651B8A3FD}.Release|Win32.ActiveCfg = Release|Win32
		{F92B32DA-694F-32BD-A14F-7C7651B8A3FD}.Release|Win32.Build.0 = Release|Win32
		{F92B32DA-694F-32BD-A14F-7C7651B8A3FD}.MinSizeRel|Win32.ActiveCfg = MinSizeRel|Win32
		{F92B32DA-694F-32BD-A14F-7C7651B8A3FD}.MinSizeRel|Win32.Build.0 = MinSizeRel|Win32
		{F92B32DA-694F-32BD-A14F-7C7651B8A3FD}.RelWithDebInfo|Win32.ActiveCfg = RelWithDebInfo|Win32
		{F92B32DA-694F-32BD-A14F-7C7651B8A3FD}.RelWithDebInfo|Win32.Build.0 = RelWithDebInfo|Win32
		{4BACA7C2-A71C-3543-AF63-6FCC0B8B2716}.Debug|Win32.ActiveCfg = Debug|Win32
		{4BACA7C2-A71C-3543-AF63-6FCC0B8B2716}.Debug|Win32.Build.0 = Debug|Win32
		{4BACA7C2-A71C-3543-AF63-6FCC0B8B2716}.Release|Win32.ActiveCfg = Release|Win32
		{4BACA7C2-A71C-3543-AF63-6FCC0B8B2716}.Release|Win32.Build.0 = Release|Win32
		{4BACA7C2-A71C-3543-AF63-6FCC0B8B2716}.MinSizeRel|Win32.ActiveCfg = MinSizeRel|Win32
		{4BACA7C2-A71C-3543-AF63-6FCC0B8B2716}.MinSizeRel|Win32.Build.0 = MinSizeRel|Win32
		{4BACA7C2-A71C-3543-AF63-6FCC0B8B2716}.RelWithDebInfo|Win32.ActiveCfg = RelWithDebInfo|Win32
		{4BACA7C2-A71C-3543-AF63-6FCC0B8B2716}.RelWithDebInfo|Win32.Build.0 = RelWithDebInfo|Win32
		{900B0303-6363-375F-820D-DE3F79214DEE}.Debug|Win32.ActiveCfg = Debug|Win32
		{900B0303-6363-375F-820D-DE3F79214DEE}.Debug|Win32.Build.0 = Debug|Win32
		{900B0303-6363-375F-820D-DE3F79214DEE}.Release|Win32.ActiveCfg = Release|Win32
		{900B0303-6363-375F-820D-DE3F79214DEE}.Release|Win32.Build.0 = Release|Win32
		{900B0303-6363-375F-820D-DE3F79214DEE}.MinSizeRel|Win32.ActiveCfg = MinSizeRel|Win32
		{900B0303-6363-375F-820D-DE3F79214DEE}.MinSizeRel|Win32.Build.0 = MinSizeRel|Win32
		{900B0303-6363-375F-820D-DE3F79214DEE}.RelWithDebInfo|Win32.ActiveCfg = RelWithDebInfo|Win32
		{900B0303-6363-375F-820D-DE3F79214DEE}.RelWithDebInfo|Win32.Build.0 = RelWithDebInfo|Win32
		{350644A5-7461-30ED-A4FE-B5EC166D5A56}.Debug|Win32.ActiveCfg = Debug|Win32
		{350644A5-7461-30ED-A4FE-B5EC166D5A56}.Debug|Win32.Build.0 = Debug|Win32
		{350644A5-7461-30ED-A4FE-B5EC166D5A56}.Release|Win32.ActiveCfg = Release|Win32
		{350644A5-7461-30ED-A4FE-B5EC166D5A56}.Release|Win32.Build.0 = Release|Win32
		{350644A5-7461-30ED-A4FE-B5EC166D5A56}.MinSizeRel|Win32.ActiveCfg = MinSizeRel|Win32
		{350644A5-7461-30ED-A4FE-B5EC166D5A56}.MinSizeRel|Win32.Build.0 = MinSizeRel|Win32
		{350644A5-7461-30ED-A4FE-B5EC166D5A56}.RelWithDebInfo|Win32.ActiveCfg = RelWithDebInfo|Win32
		{350644A5-7461-30ED-A4FE-B5EC166D5A56}.RelWithDebInfo|Win32.Build.0 = RelWithDebInfo|Win32
		{20D60C3A-EA86-328A-8B1C-E5D8D891E0B2}.Debug|Win32.ActiveCfg = Debug|Win32
		{20D60C3A-EA86-328A-8B1C-E5D8D891E0B2}.Debug|Win32.Build.0 = Debug|Win32
		{20D60C3A-EA86-328A-8B1C-E5D8D891E0B2}.Release|Win32.ActiveCfg = Release|Win32
		{20D60C3A-EA86-328A-8B1C-E5D8D891E0B2}.Release|Win32.Build.0 = Release|Win32
		{20D60C3A-EA86-328A-8B1C-E5D8D891E0B2}.MinSizeRel|Win32.ActiveCfg = MinSizeRel|Win32
		{20D60C3A-EA86-328A-8B1C-E5D8D891E0B2}.MinSizeRel|Win32.Build.0 = MinSizeRel|Win32
		{20D60C3A-EA86-328A-8B1C-E5D8D891E0B2}.RelWithDebInfo|Win32.ActiveCfg = RelWithDebInfo|Win32
		{20D60C3A-EA86-328A-8B1C-E5D8D891E0B2}.RelWithDebInfo|Win32.Build.0 = RelWithDebInfo|Win32
		{45A584A9-CCD6-331D-A363-A701B25FA414}.Debug|Win32.ActiveCfg = Debug|Win32
		{45A584A9-CCD6-331D-A363-A701B25FA414}.Debug|Win32.Build.0 = Debug|Win32
		{45A584A9-CCD6-331D-A363-A701B25FA414}.Release|Win32.ActiveCfg = Release|Win32
		{45A584A9-CCD6-331D-A363-A701B25FA414}.Release|Win32.Build.0 = Release|Win32
		{45A584A9-CCD6-331D-A363-A701B25FA414}.MinSizeRel|Win32.ActiveCfg = MinSizeRel|Win32
		{45A584A9-CCD6-331D-A363-A701B25FA414}.MinSizeRel|Win32.Build.0 = MinSizeRel|Win32
		{45A584A9-CCD6-331D-A363-A701B25FA414}.RelWithDebInfo|Win32.ActiveCfg = RelWithDebInfo|Win32
		{45A584A9-CCD6-331D-A363-A701B25FA414}.RelWithDebInfo|Win32.Build.0 = RelWithDebInfo|Win32
		{76972865-6AF2-3B88-9069-A146D614DD14}.Debug|Win32.ActiveCfg = Debug|Win32
		{76972865-6AF2-3B88-9069-A146D614DD14}.Debug|Win32.Build.0 = Debug|Win32
		{76972865-6AF2-3B88-9069-A146D614DD14}.Release|Win32.ActiveCfg = Release|Win32
		{76972865-6AF2-3B88-9069-A146D614DD14}.Release|Win32.Build.0 = Release|Win32
		{76972865-6AF2-3B88-9069-A146D614DD14}.MinSizeRel|Win32.ActiveCfg = MinSizeRel|Win32
		{76972865-6AF2-3B88-9069-A146D614DD14}.MinSizeRel|Win32.Build.0 = MinSizeRel|Win32
		{76972865-6AF2-3B88-9069-A146D614DD14}.RelWithDebInfo|Win32.ActiveCfg = RelWithDebInfo|Win32
		{76972865-6AF2-3B88-9069-A146D614DD14}.RelWithDebInfo|Win32.Build.0 = RelWithDebInfo|Win32
		{5EB0788C-B4A9-3E1A-A2B6-FBAED123135E}.Debug|Win32.ActiveCfg = Debug|Win32
		{5EB0788C-B4A9-3E1A-A2B6-FBAED123135E}.Debug|Win32.Build.0 = Debug|Win32
		{5EB0788C-B4A9-3E1A-A2B6-FBAED123135E}.Release|Win32.ActiveCfg = Release|Win32
		{5EB0788C-B4A9-3E1A-A2B6-FBAED123135E}.Release|Win32.Build.0 = Release|Win32
		{5EB0788C-B4A9-3E1A-A2B6-FBAED123135E}.MinSizeRel|Win32.ActiveCfg = MinSizeRel|Win32
		{5EB0788C-B4A9-3E1A-A2B6-FBAED123135E}.MinSizeRel|Win32.Build.0 = MinSizeRel|Win32
		{5EB0788C-B4A9-3E1A-A2B6-FBAED123135E}.RelWithDebInfo|Win32.ActiveCfg = RelWithDebInfo|Win32
		{5EB0788C-B4A9-3E1A-A2B6-FBAED123135E}.RelWithDebInfo|Win32.Build.0 = RelWithDebInfo|Win32
		{0206836C-D675-34D0-9F53-A2CA483FCEE3}.Debug|Win32.ActiveCfg = Debug|Win32
		{0206836C-D675-34D0-9F53-A2CA483FCEE3}.Debug|Win32.Build.0 = Debug|Win32
		{0206836C-D675-34D0-9F53-A2CA483FCEE3}.Release|Win32.ActiveCfg = Release|Win32
		{0206836C-D675-34D0-9F53-A2CA483FCEE3}.Release|Win32.Build.0 = Release|Win32
		{0206836C-D675-34D0-9F53-A2CA483FCEE3}.MinSizeRel|Win32.ActiveCfg = MinSizeRel|Win32
		{0206836C-D675-34D0-9F53-A2CA483FCEE3}.MinSizeRel|Win32.Build.0 = MinSizeRel|Win32
		{0206836C-D675-34D0-9F53-A2CA483FCEE3}.RelWithDebInfo|Win32.ActiveCfg = RelWithDebInfo|Win32
		{0206836C-D675-34D0-9F53-A2CA483FCEE3}.RelWithDebInfo|Win32.Build.0 = RelWithDebInfo|Win32
		{BFF21C48-F053-395E-81E5-42783C195B14}.Debug|Win32.ActiveCfg = Debug|Win32
		{BFF21C48-F053-395E-81E5-42783C195B14}.Debug|Win32.Build.0 = Debug|Win32
		{BFF21C48-F053-395E-81E5-42783C195B14}.Release|Win32.ActiveCfg = Release|Win32
		{BFF21C48-F053-395E-81E5-42783C195B14}.Release|Win32.Build.0 = Release|Win32
		{BFF21C48-F053-395E-81E5-42783C195B14}.MinSizeRel|Win32.ActiveCfg = MinSizeRel|Win32
		{BFF21C48-F053-395E-81E5-42783C195B14}.MinSizeRel|Win32.Build.0 = MinSizeRel|Win32
		{BFF21C48-F053-395E-81E5-42783C195B14}.RelWithDebInfo|Win32.ActiveCfg = RelWithDebInfo|Win32
		{BFF21C48-F053-395E-81E5-42783C195B14}.RelWithDebInfo|Win32.Build.0 = RelWithDebInfo|Win32
		{9B220EAC-4C83-3C43-AD10-72567FC6193A}.Debug|Win32.ActiveCfg = Debug|Win32
		{9B220EAC-4C83-3C43-AD10-72567FC6193A}.Debug|Win32.Build.0 = Debug|Win32
		{9B220EAC-4C83-3C43-AD10-72567FC6193A}.Release|Win32.ActiveCfg = Release|Win32
		{9B220EAC-4C83-3C43-AD10-72567FC6193A}.Release|Win32.Build.0 = Release|Win32
		{9B220EAC-4C83-3C43-AD10-72567FC6193A}.MinSizeRel|Win32.ActiveCfg = MinSizeRel|Win32
		{9B220EAC-4C83-3C43-AD10-72567FC6193A}.MinSizeRel|Win32.Build.0 = MinSizeRel|Win32
		{9B220EAC-4C83-3C43-AD10-72567FC6193A}.RelWithDebInfo|Win32.ActiveCfg = RelWithDebInfo|Win32
		{9B220EAC-4C83-3C43-AD10-72567FC6193A}.RelWithDebInfo|Win32.Build.0 = RelWithDebInfo|Win32
		{84E3D7BC-F6DD-34B7-ADDA-9C3E7432E258}.Debug|Win32.ActiveCfg = Debug|Win32
		{84E3D7BC-F6DD-34B7-ADDA-9C3E7432E258}.Debug|Win32.Build.0 = Debug|Win32
		{84E3D7BC-F6DD-34B7-ADDA-9C3E7432E258}.Release|Win32.ActiveCfg = Release|Win32
		{84E3D7BC-F6DD-34B7-ADDA-9C3E7432E258}.Release|Win32.Build.0 = Release|Win32
		{84E3D7BC-F6DD-34B7-ADDA-9C3E7432E258}.MinSizeRel|Win32.ActiveCfg = MinSizeRel|Win32
		{84E3D7BC-F6DD-34B7-ADDA-9C3E7432E258}.MinSizeRel|Win32.Build.0 = MinSizeRel|Win32
		{84E3D7BC-F6DD-34B7-ADDA-9C3E7432E258}.RelWithDebInfo|Win32.ActiveCfg = RelWithDebInfo|Win32
		{84E3D7BC-F6DD-34B7-ADDA-9C3E7432E258}.RelWithDebInfo|Win32.Build.0 = RelWithDebInfo|Win32
		{2ACC6605-5A0D-3D52-90AE-E59FEDAE9F7D}.Debug|Win32.ActiveCfg = Debug|Win32
		{2ACC6605-5A0D-3D52-90AE-E59FEDAE9F7D}.Debug|Win32.Build.0 = Debug|Win32
		{2ACC6605-5A0D-3D52-90AE-E59FEDAE9F7D}.Release|Win32.ActiveCfg = Release|Win32
		{2ACC6605-5A0D-3D52-90AE-E59FEDAE9F7D}.Release|Win32.Build.0 = Release|Win32
		{2ACC6605-5A0D-3D52-90AE-E59FEDAE9F7D}.MinSizeRel|Win32.ActiveCfg = MinSizeRel|Win32
		{2ACC6605-5A0D-3D52-90AE-E59FEDAE9F7D}.MinSizeRel|Win32.Build.0 = MinSizeRel|Win32
		{2ACC6605-5A0D-3D52-90AE-E59FEDAE9F7D}.RelWithDebInfo|Win32.ActiveCfg = RelWithDebInfo|Win32
		{2ACC6605-5A0D-3D52-90AE-E59FEDAE9F7D}.RelWithDebInfo|Win32.Build.0 = RelWithDebInfo|Win32
		{3708BEC9-75D8-3655-846E-6B69A7BA3DD4}.Debug|Win32.ActiveCfg = Debug|Win32
		{3708BEC9-75D8-3655-846E-6B69A7BA3DD4}.Debug|Win32.Build.0 = Debug|Win32
		{3708BEC9-75D8-3655-846E-6B69A7BA3DD4}.Release|Win32.ActiveCfg = Release|Win32
		{3708BEC9-75D8-3655-846E-6B69A7BA3DD4}.Release|Win32.Build.0 = Release|Win32
		{3708BEC9-75D8-3655-846E-6B69A7BA3DD4}.MinSizeRel|Win32.ActiveCfg = MinSizeRel|Win32
		{3708BEC9-75D8-3655-846E-6B69A7BA3DD4}.MinSizeRel|Win32.Build.0 = MinSizeRel|Win32
		{3708BEC9-75D8-3655-846E-6B69A7BA3DD4}.RelWithDebInfo|Win32.ActiveCfg = RelWithDebInfo|Win32
		{3708BEC9-75D8-3655-846E-6B69A7BA3DD4}.RelWithDebInfo|Win32.Build.0 = RelWithDebInfo|Win32
		{7F848D14-E0B5-37A8-9305-5E091C549055}.Debug|Win32.ActiveCfg = Debug|Win32
		{7F848D14-E0B5-37A8-9305-5E091C549055}.Debug|Win32.Build.0 = Debug|Win32
		{7F848D14-E0B5-37A8-9305-5E091C549055}.Release|Win32.ActiveCfg = Release|Win32
		{7F848D14-E0B5-37A8-9305-5E091C549055}.Release|Win32.Build.0 = Release|Win32
		{7F848D14-E0B5-37A8-9305-5E091C549055}.MinSizeRel|Win32.ActiveCfg = MinSizeRel|Win32
		{7F848D14-E0B5-37A8-9305-5E091C549055}.MinSizeRel|Win32.Build.0 = MinSizeRel|Win32
		{7F848D14-E0B5-37A8-9305-5E091C549055}.RelWithDebInfo|Win32.ActiveCfg = RelWithDebInfo|Win32
		{7F848D14-E0B5-37A8-9305-5E091C549055}.RelWithDebInfo|Win32.Build.0 = RelWithDebInfo|Win32
		{8E0063B6-9D11-3DC0-8D6B-51F208ECE2A1}.Debug|Win32.ActiveCfg = Debug|Win32
		{8E0063B6-9D11-3DC0-8D6B-51F208ECE2A1}.Debug|Win32.Build.0 = Debug|Win32
		{8E0063B6-9D11-3DC0-8D6B-51F208ECE2A1}.Release|Win32.ActiveCfg = Release|Win32
		{8E0063B6-9D11-3DC0-8D6B-51F208ECE2A1}.Release|Win32.Build.0 = Release|Win32
		{8E0063B6-9D11-3DC0-8D6B-51F208ECE2A1}.MinSizeRel|Win32.ActiveCfg = MinSizeRel|Win32
		{8E0063B6-9D11-3DC0-8D6B-51F208ECE2A1}.MinSizeRel|Win32.Build.0 = MinSizeRel|Win32
		{8E0063B6-9D11-3DC0-8D6B-51F208ECE2A1}.RelWithDebInfo|Win32.ActiveCfg = RelWithDebInfo|Win32
		{8E0063B6-9D11-3DC0-8D6B-51F208ECE2A1}.RelWithDebInfo|Win32.Build.0 = RelWithDebInfo|Win32
		{8B8517C0-54E1-3DDC-AE93-367633EB1049}.Debug|Win32.ActiveCfg = Debug|Win32
		{8B8517C0-54E1-3DDC-AE93-367633EB1049}.Debug|Win32.Build.0 = Debug|Win32
		{8B8517C0-54E1-3DDC-AE93-367633EB1049}.Release|Win32.ActiveCfg = Release|Win32
		{8B8517C0-54E1-3DDC-AE93-367633EB1049}.Release|Win32.Build.0 = Release|Win32
		{8B8517C0-54E1-3DDC-AE93-367633EB1049}.MinSizeRel|Win32.ActiveCfg = MinSizeRel|Win32
		{8B8517C0-54E1-3DDC-AE93-367633EB1049}.MinSizeRel|Win32.Build.0 = MinSizeRel|Win32
		{8B8517C0-54E1-3DDC-AE93-367633EB1049}.RelWithDebInfo|Win32.ActiveCfg = RelWithDebInfo|Win32
		{8B8517C0-54E1-3DDC-AE93-367633EB1049}.RelWithDebInfo|Win32.Build.0 = RelWithDebInfo|Win32
		{9EF90939-FF49-37E0-A6AA-59D5787886F4}.Debug|Win32.ActiveCfg = Debug|Win32
		{9EF90939-FF49-37E0-A6AA-59D5787886F4}.Debug|Win32.Build.0 = Debug|Win32
		{9EF90939-FF49-37E0-A6AA-59D5787886F4}.Release|Win32.ActiveCfg = Release|Win32
		{9EF90939-FF49-37E0-A6AA-59D5787886F4}.Release|Win32.Build.0 = Release|Win32
		{9EF90939-FF49-37E0-A6AA-59D5787886F4}.MinSizeRel|Win32.ActiveCfg = MinSizeRel|Win32
		{9EF90939-FF49-37E0-A6AA-59D5787886F4}.MinSizeRel|Win32.Build.0 = MinSizeRel|Win32
		{9EF90939-FF49-37E0-A6AA-59D5787886F4}.RelWithDebInfo|Win32.ActiveCfg = RelWithDebInfo|Win32
		{9EF90939-FF49-37E0-A6AA-59D5787886F4}.RelWithDebInfo|Win32.Build.0 = RelWithDebInfo|Win32
		{58741A4B-73C3-34F4-9ED6-9EA1A0C5F8BA}.Debug|Win32.ActiveCfg = Debug|Win32
		{58741A4B-73C3-34F4-9ED6-9EA1A0C5F8BA}.Debug|Win32.Build.0 = Debug|Win32
		{58741A4B-73C3-34F4-9ED6-9EA1A0C5F8BA}.Release|Win32.ActiveCfg = Release|Win32
		{58741A4B-73C3-34F4-9ED6-9EA1A0C5F8BA}.Release|Win32.Build.0 = Release|Win32
		{58741A4B-73C3-34F4-9ED6-9EA1A0C5F8BA}.MinSizeRel|Win32.ActiveCfg = MinSizeRel|Win32
		{58741A4B-73C3-34F4-9ED6-9EA1A0C5F8BA}.MinSizeRel|Win32.Build.0 = MinSizeRel|Win32
		{58741A4B-73C3-34F4-9ED6-9EA1A0C5F8BA}.RelWithDebInfo|Win32.ActiveCfg = RelWithDebInfo|Win32
		{58741A4B-73C3-34F4-9ED6-9EA1A0C5F8BA}.RelWithDebInfo|Win32.Build.0 = RelWithDebInfo|Win32
		{E327F9FF-72FD-3D77-B152-C3970548A598}.Debug|Win32.ActiveCfg = Debug|Win32
		{E327F9FF-72FD-3D77-B152-C3970548A598}.Debug|Win32.Build.0 = Debug|Win32
		{E327F9FF-72FD-3D77-B152-C3970548A598}.Release|Win32.ActiveCfg = Release|Win32
		{E327F9FF-72FD-3D77-B152-C3970548A598}.Release|Win32.Build.0 = Release|Win32
		{E327F9FF-72FD-3D77-B152-C3970548A598}.MinSizeRel|Win32.ActiveCfg = MinSizeRel|Win32
		{E327F9FF-72FD-3D77-B152-C3970548A598}.MinSizeRel|Win32.Build.0 = MinSizeRel|Win32
		{E327F9FF-72FD-3D77-B152-C3970548A598}.RelWithDebInfo|Win32.ActiveCfg = RelWithDebInfo|Win32
		{E327F9FF-72FD-3D77-B152-C3970548A598}.RelWithDebInfo|Win32.Build.0 = RelWithDebInfo|Win32
		{40DFDB39-79DD-3721-B081-4FE0223E0D84}.Debug|Win32.ActiveCfg = Debug|Win32
		{40DFDB39-79DD-3721-B081-4FE0223E0D84}.Debug|Win32.Build.0 = Debug|Win32
		{40DFDB39-79DD-3721-B081-4FE0223E0D84}.Release|Win32.ActiveCfg = Release|Win32
		{40DFDB39-79DD-3721-B081-4FE0223E0D84}.Release|Win32.Build.0 = Release|Win32
		{40DFDB39-79DD-3721-B081-4FE0223E0D84}.MinSizeRel|Win32.ActiveCfg = MinSizeRel|Win32
		{40DFDB39-79DD-3721-B081-4FE0223E0D84}.MinSizeRel|Win32.Build.0 = MinSizeRel|Win32
		{40DFDB39-79DD-3721-B081-4FE0223E0D84}.RelWithDebInfo|Win32.ActiveCfg = RelWithDebInfo|Win32
		{40DFDB39-79DD-3721-B081-4FE0223E0D84}.RelWithDebInfo|Win32.Build.0 = RelWithDebInfo|Win32
		{4BB1813B-4662-327D-885B-01E82B7A7EB0}.Debug|Win32.ActiveCfg = Debug|Win32
		{4BB1813B-4662-327D-885B-01E82B7A7EB0}.Debug|Win32.Build.0 = Debug|Win32
		{4BB1813B-4662-327D-885B-01E82B7A7EB0}.Release|Win32.ActiveCfg = Release|Win32
		{4BB1813B-4662-327D-885B-01E82B7A7EB0}.Release|Win32.Build.0 = Release|Win32
		{4BB1813B-4662-327D-885B-01E82B7A7EB0}.MinSizeRel|Win32.ActiveCfg = MinSizeRel|Win32
		{4BB1813B-4662-327D-885B-01E82B7A7EB0}.MinSizeRel|Win32.Build.0 = MinSizeRel|Win32
		{4BB1813B-4662-327D-885B-01E82B7A7EB0}.RelWithDebInfo|Win32.ActiveCfg = RelWithDebInfo|Win32
		{4BB1813B-4662-327D-885B-01E82B7A7EB0}.RelWithDebInfo|Win32.Build.0 = RelWithDebInfo|Win32
	EndGlobalSection
	GlobalSection(NestedProjects) = preSolution
		{23F9AB93-507D-3C60-9557-7CBDA88DBCD3} = {9E591585-54BD-3932-8B5C-29F4E287278E}
		{F4C3F223-CFB3-38FF-9DDE-612B767F2865} = {9E591585-54BD-3932-8B5C-29F4E287278E}
		{BB1AE60B-4EC3-36C8-B64A-C93621E5185B} = {9E591585-54BD-3932-8B5C-29F4E287278E}
		{C481ADDB-1E96-3970-9D60-8ECD97EEF9C2} = {9E591585-54BD-3932-8B5C-29F4E287278E}
	EndGlobalSection
	GlobalSection(ExtensibilityGlobals) = postSolution
		SolutionGuid = {4D68C1A2-9211-3899-8741-514D257FFD00}
	EndGlobalSection
	GlobalSection(ExtensibilityAddIns) = postSolution
	EndGlobalSection
EndGlobal
