<?xml version="1.0" encoding="utf-8"?>
<Project ToolsVersion="17.0" xmlns="http://schemas.microsoft.com/developer/msbuild/2003">
  <ItemGroup>
    <ClCompile Include="C:\Users\galab\code\HiGHS\examples\call_highs_from_cpp.cpp">
      <Filter>Source Files</Filter>
    </ClCompile>
  </ItemGroup>
  <ItemGroup>
    <CustomBuild Include="C:\Users\galab\code\HiGHS\examples\CMakeLists.txt" />
  </ItemGroup>
  <ItemGroup>
    <Filter Include="Source Files">
      <UniqueIdentifier>{8880CD01-3902-33D0-81E2-1507EB06CD2B}</UniqueIdentifier>
    </Filter>
  </ItemGroup>
</Project>
