<?xml version="1.0" encoding="utf-8"?>
<Project ToolsVersion="17.0" xmlns="http://schemas.microsoft.com/developer/msbuild/2003">
  <ItemGroup>
    <CustomBuild Include="C:\Users\galab\code\HiGHS\build-static-nohipo\CMakeFiles\520e42f7c3949288715e0aa13ed8457d\PACKAGE_force.rule">
      <Filter>CMake Rules</Filter>
    </CustomBuild>
  </ItemGroup>
  <ItemGroup>
    <Filter Include="CMake Rules">
      <UniqueIdentifier>{9B2F4EDB-2A29-3D02-9508-42A9AB124BE2}</UniqueIdentifier>
    </Filter>
  </ItemGroup>
</Project>
