<?xml version="1.0" encoding="utf-8"?>
<Project ToolsVersion="17.0" xmlns="http://schemas.microsoft.com/developer/msbuild/2003">
  <ItemGroup>
    <ClCompile Include="C:\Users\galab\code\HiGHS\extern\filereaderlp\reader.cpp">
      <Filter>Source Files</Filter>
    </ClCompile>
    <ClCompile Include="C:\Users\galab\code\HiGHS\highs\interfaces\highs_c_api.cpp">
      <Filter>Source Files</Filter>
    </ClCompile>
    <ClCompile Include="C:\Users\galab\code\HiGHS\highs\io\Filereader.cpp">
      <Filter>Source Files</Filter>
    </ClCompile>
    <ClCompile Include="C:\Users\galab\code\HiGHS\highs\io\FilereaderEms.cpp">
      <Filter>Source Files</Filter>
    </ClCompile>
    <ClCompile Include="C:\Users\galab\code\HiGHS\highs\io\FilereaderLp.cpp">
      <Filter>Source Files</Filter>
    </ClCompile>
    <ClCompile Include="C:\Users\galab\code\HiGHS\highs\io\FilereaderMps.cpp">
      <Filter>Source Files</Filter>
    </ClCompile>
    <ClCompile Include="C:\Users\galab\code\HiGHS\highs\io\HighsIO.cpp">
      <Filter>Source Files</Filter>
    </ClCompile>
    <ClCompile Include="C:\Users\galab\code\HiGHS\highs\io\HMpsFF.cpp">
      <Filter>Source Files</Filter>
    </ClCompile>
    <ClCompile Include="C:\Users\galab\code\HiGHS\highs\io\HMPSIO.cpp">
      <Filter>Source Files</Filter>
    </ClCompile>
    <ClCompile Include="C:\Users\galab\code\HiGHS\highs\io\LoadOptions.cpp">
      <Filter>Source Files</Filter>
    </ClCompile>
    <ClCompile Include="C:\Users\galab\code\HiGHS\highs\ipm\IpxWrapper.cpp">
      <Filter>Source Files</Filter>
    </ClCompile>
    <ClCompile Include="C:\Users\galab\code\HiGHS\highs\lp_data\Highs.cpp">
      <Filter>Source Files</Filter>
    </ClCompile>
    <ClCompile Include="C:\Users\galab\code\HiGHS\highs\lp_data\HighsCallback.cpp">
      <Filter>Source Files</Filter>
    </ClCompile>
    <ClCompile Include="C:\Users\galab\code\HiGHS\highs\lp_data\HighsDebug.cpp">
      <Filter>Source Files</Filter>
    </ClCompile>
    <ClCompile Include="C:\Users\galab\code\HiGHS\highs\lp_data\HighsIis.cpp">
      <Filter>Source Files</Filter>
    </ClCompile>
    <ClCompile Include="C:\Users\galab\code\HiGHS\highs\lp_data\HighsInfo.cpp">
      <Filter>Source Files</Filter>
    </ClCompile>
    <ClCompile Include="C:\Users\galab\code\HiGHS\highs\lp_data\HighsInfoDebug.cpp">
      <Filter>Source Files</Filter>
    </ClCompile>
    <ClCompile Include="C:\Users\galab\code\HiGHS\highs\lp_data\HighsDeprecated.cpp">
      <Filter>Source Files</Filter>
    </ClCompile>
    <ClCompile Include="C:\Users\galab\code\HiGHS\highs\lp_data\HighsInterface.cpp">
      <Filter>Source Files</Filter>
    </ClCompile>
    <ClCompile Include="C:\Users\galab\code\HiGHS\highs\lp_data\HighsLp.cpp">
      <Filter>Source Files</Filter>
    </ClCompile>
    <ClCompile Include="C:\Users\galab\code\HiGHS\highs\lp_data\HighsLpUtils.cpp">
      <Filter>Source Files</Filter>
    </ClCompile>
    <ClCompile Include="C:\Users\galab\code\HiGHS\highs\lp_data\HighsModelUtils.cpp">
      <Filter>Source Files</Filter>
    </ClCompile>
    <ClCompile Include="C:\Users\galab\code\HiGHS\highs\lp_data\HighsOptions.cpp">
      <Filter>Source Files</Filter>
    </ClCompile>
    <ClCompile Include="C:\Users\galab\code\HiGHS\highs\lp_data\HighsRanging.cpp">
      <Filter>Source Files</Filter>
    </ClCompile>
    <ClCompile Include="C:\Users\galab\code\HiGHS\highs\lp_data\HighsSolution.cpp">
      <Filter>Source Files</Filter>
    </ClCompile>
    <ClCompile Include="C:\Users\galab\code\HiGHS\highs\lp_data\HighsSolutionDebug.cpp">
      <Filter>Source Files</Filter>
    </ClCompile>
    <ClCompile Include="C:\Users\galab\code\HiGHS\highs\lp_data\HighsSolve.cpp">
      <Filter>Source Files</Filter>
    </ClCompile>
    <ClCompile Include="C:\Users\galab\code\HiGHS\highs\lp_data\HighsStatus.cpp">
      <Filter>Source Files</Filter>
    </ClCompile>
    <ClCompile Include="C:\Users\galab\code\HiGHS\highs\mip\HighsCliqueTable.cpp">
      <Filter>Source Files</Filter>
    </ClCompile>
    <ClCompile Include="C:\Users\galab\code\HiGHS\highs\mip\HighsConflictPool.cpp">
      <Filter>Source Files</Filter>
    </ClCompile>
    <ClCompile Include="C:\Users\galab\code\HiGHS\highs\mip\HighsCutGeneration.cpp">
      <Filter>Source Files</Filter>
    </ClCompile>
    <ClCompile Include="C:\Users\galab\code\HiGHS\highs\mip\HighsCutPool.cpp">
      <Filter>Source Files</Filter>
    </ClCompile>
    <ClCompile Include="C:\Users\galab\code\HiGHS\highs\mip\HighsDebugSol.cpp">
      <Filter>Source Files</Filter>
    </ClCompile>
    <ClCompile Include="C:\Users\galab\code\HiGHS\highs\mip\HighsDomain.cpp">
      <Filter>Source Files</Filter>
    </ClCompile>
    <ClCompile Include="C:\Users\galab\code\HiGHS\highs\mip\HighsDynamicRowMatrix.cpp">
      <Filter>Source Files</Filter>
    </ClCompile>
    <ClCompile Include="C:\Users\galab\code\HiGHS\highs\mip\HighsFeasibilityJump.cpp">
      <Filter>Source Files</Filter>
    </ClCompile>
    <ClCompile Include="C:\Users\galab\code\HiGHS\highs\mip\HighsGFkSolve.cpp">
      <Filter>Source Files</Filter>
    </ClCompile>
    <ClCompile Include="C:\Users\galab\code\HiGHS\highs\mip\HighsImplications.cpp">
      <Filter>Source Files</Filter>
    </ClCompile>
    <ClCompile Include="C:\Users\galab\code\HiGHS\highs\mip\HighsLpAggregator.cpp">
      <Filter>Source Files</Filter>
    </ClCompile>
    <ClCompile Include="C:\Users\galab\code\HiGHS\highs\mip\HighsLpRelaxation.cpp">
      <Filter>Source Files</Filter>
    </ClCompile>
    <ClCompile Include="C:\Users\galab\code\HiGHS\highs\mip\HighsMipAnalysis.cpp">
      <Filter>Source Files</Filter>
    </ClCompile>
    <ClCompile Include="C:\Users\galab\code\HiGHS\highs\mip\HighsMipSolver.cpp">
      <Filter>Source Files</Filter>
    </ClCompile>
    <ClCompile Include="C:\Users\galab\code\HiGHS\highs\mip\HighsMipSolverData.cpp">
      <Filter>Source Files</Filter>
    </ClCompile>
    <ClCompile Include="C:\Users\galab\code\HiGHS\highs\mip\HighsModkSeparator.cpp">
      <Filter>Source Files</Filter>
    </ClCompile>
    <ClCompile Include="C:\Users\galab\code\HiGHS\highs\mip\HighsNodeQueue.cpp">
      <Filter>Source Files</Filter>
    </ClCompile>
    <ClCompile Include="C:\Users\galab\code\HiGHS\highs\mip\HighsObjectiveFunction.cpp">
      <Filter>Source Files</Filter>
    </ClCompile>
    <ClCompile Include="C:\Users\galab\code\HiGHS\highs\mip\HighsPathSeparator.cpp">
      <Filter>Source Files</Filter>
    </ClCompile>
    <ClCompile Include="C:\Users\galab\code\HiGHS\highs\mip\HighsPrimalHeuristics.cpp">
      <Filter>Source Files</Filter>
    </ClCompile>
    <ClCompile Include="C:\Users\galab\code\HiGHS\highs\mip\HighsPseudocost.cpp">
      <Filter>Source Files</Filter>
    </ClCompile>
    <ClCompile Include="C:\Users\galab\code\HiGHS\highs\mip\HighsRedcostFixing.cpp">
      <Filter>Source Files</Filter>
    </ClCompile>
    <ClCompile Include="C:\Users\galab\code\HiGHS\highs\mip\HighsSearch.cpp">
      <Filter>Source Files</Filter>
    </ClCompile>
    <ClCompile Include="C:\Users\galab\code\HiGHS\highs\mip\HighsSeparation.cpp">
      <Filter>Source Files</Filter>
    </ClCompile>
    <ClCompile Include="C:\Users\galab\code\HiGHS\highs\mip\HighsSeparator.cpp">
      <Filter>Source Files</Filter>
    </ClCompile>
    <ClCompile Include="C:\Users\galab\code\HiGHS\highs\mip\HighsTableauSeparator.cpp">
      <Filter>Source Files</Filter>
    </ClCompile>
    <ClCompile Include="C:\Users\galab\code\HiGHS\highs\mip\HighsTransformedLp.cpp">
      <Filter>Source Files</Filter>
    </ClCompile>
    <ClCompile Include="C:\Users\galab\code\HiGHS\highs\model\HighsHessian.cpp">
      <Filter>Source Files</Filter>
    </ClCompile>
    <ClCompile Include="C:\Users\galab\code\HiGHS\highs\model\HighsHessianUtils.cpp">
      <Filter>Source Files</Filter>
    </ClCompile>
    <ClCompile Include="C:\Users\galab\code\HiGHS\highs\model\HighsModel.cpp">
      <Filter>Source Files</Filter>
    </ClCompile>
    <ClCompile Include="C:\Users\galab\code\HiGHS\highs\parallel\HighsTaskExecutor.cpp">
      <Filter>Source Files</Filter>
    </ClCompile>
    <ClCompile Include="C:\Users\galab\code\HiGHS\highs\pdlp\CupdlpWrapper.cpp">
      <Filter>Source Files</Filter>
    </ClCompile>
    <ClCompile Include="C:\Users\galab\code\HiGHS\highs\presolve\HighsPostsolveStack.cpp">
      <Filter>Source Files</Filter>
    </ClCompile>
    <ClCompile Include="C:\Users\galab\code\HiGHS\highs\presolve\HighsSymmetry.cpp">
      <Filter>Source Files</Filter>
    </ClCompile>
    <ClCompile Include="C:\Users\galab\code\HiGHS\highs\presolve\HPresolve.cpp">
      <Filter>Source Files</Filter>
    </ClCompile>
    <ClCompile Include="C:\Users\galab\code\HiGHS\highs\presolve\HPresolveAnalysis.cpp">
      <Filter>Source Files</Filter>
    </ClCompile>
    <ClCompile Include="C:\Users\galab\code\HiGHS\highs\presolve\ICrash.cpp">
      <Filter>Source Files</Filter>
    </ClCompile>
    <ClCompile Include="C:\Users\galab\code\HiGHS\highs\presolve\ICrashUtil.cpp">
      <Filter>Source Files</Filter>
    </ClCompile>
    <ClCompile Include="C:\Users\galab\code\HiGHS\highs\presolve\ICrashX.cpp">
      <Filter>Source Files</Filter>
    </ClCompile>
    <ClCompile Include="C:\Users\galab\code\HiGHS\highs\presolve\PresolveComponent.cpp">
      <Filter>Source Files</Filter>
    </ClCompile>
    <ClCompile Include="C:\Users\galab\code\HiGHS\highs\qpsolver\a_asm.cpp">
      <Filter>Source Files</Filter>
    </ClCompile>
    <ClCompile Include="C:\Users\galab\code\HiGHS\highs\qpsolver\a_quass.cpp">
      <Filter>Source Files</Filter>
    </ClCompile>
    <ClCompile Include="C:\Users\galab\code\HiGHS\highs\qpsolver\basis.cpp">
      <Filter>Source Files</Filter>
    </ClCompile>
    <ClCompile Include="C:\Users\galab\code\HiGHS\highs\qpsolver\perturbation.cpp">
      <Filter>Source Files</Filter>
    </ClCompile>
    <ClCompile Include="C:\Users\galab\code\HiGHS\highs\qpsolver\quass.cpp">
      <Filter>Source Files</Filter>
    </ClCompile>
    <ClCompile Include="C:\Users\galab\code\HiGHS\highs\qpsolver\ratiotest.cpp">
      <Filter>Source Files</Filter>
    </ClCompile>
    <ClCompile Include="C:\Users\galab\code\HiGHS\highs\qpsolver\scaling.cpp">
      <Filter>Source Files</Filter>
    </ClCompile>
    <ClCompile Include="C:\Users\galab\code\HiGHS\highs\simplex\HEkk.cpp">
      <Filter>Source Files</Filter>
    </ClCompile>
    <ClCompile Include="C:\Users\galab\code\HiGHS\highs\simplex\HEkkControl.cpp">
      <Filter>Source Files</Filter>
    </ClCompile>
    <ClCompile Include="C:\Users\galab\code\HiGHS\highs\simplex\HEkkDebug.cpp">
      <Filter>Source Files</Filter>
    </ClCompile>
    <ClCompile Include="C:\Users\galab\code\HiGHS\highs\simplex\HEkkDual.cpp">
      <Filter>Source Files</Filter>
    </ClCompile>
    <ClCompile Include="C:\Users\galab\code\HiGHS\highs\simplex\HEkkDualMulti.cpp">
      <Filter>Source Files</Filter>
    </ClCompile>
    <ClCompile Include="C:\Users\galab\code\HiGHS\highs\simplex\HEkkDualRHS.cpp">
      <Filter>Source Files</Filter>
    </ClCompile>
    <ClCompile Include="C:\Users\galab\code\HiGHS\highs\simplex\HEkkDualRow.cpp">
      <Filter>Source Files</Filter>
    </ClCompile>
    <ClCompile Include="C:\Users\galab\code\HiGHS\highs\simplex\HEkkInterface.cpp">
      <Filter>Source Files</Filter>
    </ClCompile>
    <ClCompile Include="C:\Users\galab\code\HiGHS\highs\simplex\HEkkPrimal.cpp">
      <Filter>Source Files</Filter>
    </ClCompile>
    <ClCompile Include="C:\Users\galab\code\HiGHS\highs\simplex\HighsSimplexAnalysis.cpp">
      <Filter>Source Files</Filter>
    </ClCompile>
    <ClCompile Include="C:\Users\galab\code\HiGHS\highs\simplex\HSimplex.cpp">
      <Filter>Source Files</Filter>
    </ClCompile>
    <ClCompile Include="C:\Users\galab\code\HiGHS\highs\simplex\HSimplexDebug.cpp">
      <Filter>Source Files</Filter>
    </ClCompile>
    <ClCompile Include="C:\Users\galab\code\HiGHS\highs\simplex\HSimplexNla.cpp">
      <Filter>Source Files</Filter>
    </ClCompile>
    <ClCompile Include="C:\Users\galab\code\HiGHS\highs\simplex\HSimplexNlaDebug.cpp">
      <Filter>Source Files</Filter>
    </ClCompile>
    <ClCompile Include="C:\Users\galab\code\HiGHS\highs\simplex\HSimplexNlaFreeze.cpp">
      <Filter>Source Files</Filter>
    </ClCompile>
    <ClCompile Include="C:\Users\galab\code\HiGHS\highs\simplex\HSimplexNlaProductForm.cpp">
      <Filter>Source Files</Filter>
    </ClCompile>
    <ClCompile Include="C:\Users\galab\code\HiGHS\highs\simplex\HSimplexReport.cpp">
      <Filter>Source Files</Filter>
    </ClCompile>
    <ClCompile Include="C:\Users\galab\code\HiGHS\highs\test_kkt\KktCh2.cpp">
      <Filter>Source Files</Filter>
    </ClCompile>
    <ClCompile Include="C:\Users\galab\code\HiGHS\highs\test_kkt\DevKkt.cpp">
      <Filter>Source Files</Filter>
    </ClCompile>
    <ClCompile Include="C:\Users\galab\code\HiGHS\highs\util\HFactor.cpp">
      <Filter>Source Files</Filter>
    </ClCompile>
    <ClCompile Include="C:\Users\galab\code\HiGHS\highs\util\HFactorDebug.cpp">
      <Filter>Source Files</Filter>
    </ClCompile>
    <ClCompile Include="C:\Users\galab\code\HiGHS\highs\util\HFactorExtend.cpp">
      <Filter>Source Files</Filter>
    </ClCompile>
    <ClCompile Include="C:\Users\galab\code\HiGHS\highs\util\HFactorRefactor.cpp">
      <Filter>Source Files</Filter>
    </ClCompile>
    <ClCompile Include="C:\Users\galab\code\HiGHS\highs\util\HFactorUtils.cpp">
      <Filter>Source Files</Filter>
    </ClCompile>
    <ClCompile Include="C:\Users\galab\code\HiGHS\highs\util\HighsHash.cpp">
      <Filter>Source Files</Filter>
    </ClCompile>
    <ClCompile Include="C:\Users\galab\code\HiGHS\highs\util\HighsLinearSumBounds.cpp">
      <Filter>Source Files</Filter>
    </ClCompile>
    <ClCompile Include="C:\Users\galab\code\HiGHS\highs\util\HighsMatrixPic.cpp">
      <Filter>Source Files</Filter>
    </ClCompile>
    <ClCompile Include="C:\Users\galab\code\HiGHS\highs\util\HighsMatrixUtils.cpp">
      <Filter>Source Files</Filter>
    </ClCompile>
    <ClCompile Include="C:\Users\galab\code\HiGHS\highs\util\HighsSort.cpp">
      <Filter>Source Files</Filter>
    </ClCompile>
    <ClCompile Include="C:\Users\galab\code\HiGHS\highs\util\HighsSparseMatrix.cpp">
      <Filter>Source Files</Filter>
    </ClCompile>
    <ClCompile Include="C:\Users\galab\code\HiGHS\highs\util\HighsUtils.cpp">
      <Filter>Source Files</Filter>
    </ClCompile>
    <ClCompile Include="C:\Users\galab\code\HiGHS\highs\util\HSet.cpp">
      <Filter>Source Files</Filter>
    </ClCompile>
    <ClCompile Include="C:\Users\galab\code\HiGHS\highs\util\HVectorBase.cpp">
      <Filter>Source Files</Filter>
    </ClCompile>
    <ClCompile Include="C:\Users\galab\code\HiGHS\highs\util\stringutil.cpp">
      <Filter>Source Files</Filter>
    </ClCompile>
    <ClCompile Include="C:\Users\galab\code\HiGHS\highs\pdlp\cupdlp\cupdlp_cs.c">
      <Filter>Source Files</Filter>
    </ClCompile>
    <ClCompile Include="C:\Users\galab\code\HiGHS\highs\pdlp\cupdlp\cupdlp_linalg.c">
      <Filter>Source Files</Filter>
    </ClCompile>
    <ClCompile Include="C:\Users\galab\code\HiGHS\highs\pdlp\cupdlp\cupdlp_proj.c">
      <Filter>Source Files</Filter>
    </ClCompile>
    <ClCompile Include="C:\Users\galab\code\HiGHS\highs\pdlp\cupdlp\cupdlp_restart.c">
      <Filter>Source Files</Filter>
    </ClCompile>
    <ClCompile Include="C:\Users\galab\code\HiGHS\highs\pdlp\cupdlp\cupdlp_scaling.c">
      <Filter>Source Files</Filter>
    </ClCompile>
    <ClCompile Include="C:\Users\galab\code\HiGHS\highs\pdlp\cupdlp\cupdlp_solver.c">
      <Filter>Source Files</Filter>
    </ClCompile>
    <ClCompile Include="C:\Users\galab\code\HiGHS\highs\pdlp\cupdlp\cupdlp_step.c">
      <Filter>Source Files</Filter>
    </ClCompile>
    <ClCompile Include="C:\Users\galab\code\HiGHS\highs\pdlp\cupdlp\cupdlp_utils.c">
      <Filter>Source Files</Filter>
    </ClCompile>
    <ClCompile Include="C:\Users\galab\code\HiGHS\highs\ipm\ipx\basiclu_kernel.cc">
      <Filter>Source Files</Filter>
    </ClCompile>
    <ClCompile Include="C:\Users\galab\code\HiGHS\highs\ipm\ipx\basiclu_wrapper.cc">
      <Filter>Source Files</Filter>
    </ClCompile>
    <ClCompile Include="C:\Users\galab\code\HiGHS\highs\ipm\ipx\basis.cc">
      <Filter>Source Files</Filter>
    </ClCompile>
    <ClCompile Include="C:\Users\galab\code\HiGHS\highs\ipm\ipx\conjugate_residuals.cc">
      <Filter>Source Files</Filter>
    </ClCompile>
    <ClCompile Include="C:\Users\galab\code\HiGHS\highs\ipm\ipx\control.cc">
      <Filter>Source Files</Filter>
    </ClCompile>
    <ClCompile Include="C:\Users\galab\code\HiGHS\highs\ipm\ipx\crossover.cc">
      <Filter>Source Files</Filter>
    </ClCompile>
    <ClCompile Include="C:\Users\galab\code\HiGHS\highs\ipm\ipx\diagonal_precond.cc">
      <Filter>Source Files</Filter>
    </ClCompile>
    <ClCompile Include="C:\Users\galab\code\HiGHS\highs\ipm\ipx\forrest_tomlin.cc">
      <Filter>Source Files</Filter>
    </ClCompile>
    <ClCompile Include="C:\Users\galab\code\HiGHS\highs\ipm\ipx\guess_basis.cc">
      <Filter>Source Files</Filter>
    </ClCompile>
    <ClCompile Include="C:\Users\galab\code\HiGHS\highs\ipm\ipx\indexed_vector.cc">
      <Filter>Source Files</Filter>
    </ClCompile>
    <ClCompile Include="C:\Users\galab\code\HiGHS\highs\ipm\ipx\info.cc">
      <Filter>Source Files</Filter>
    </ClCompile>
    <ClCompile Include="C:\Users\galab\code\HiGHS\highs\ipm\ipx\ipm.cc">
      <Filter>Source Files</Filter>
    </ClCompile>
    <ClCompile Include="C:\Users\galab\code\HiGHS\highs\ipm\ipx\ipx_c.cc">
      <Filter>Source Files</Filter>
    </ClCompile>
    <ClCompile Include="C:\Users\galab\code\HiGHS\highs\ipm\ipx\iterate.cc">
      <Filter>Source Files</Filter>
    </ClCompile>
    <ClCompile Include="C:\Users\galab\code\HiGHS\highs\ipm\ipx\kkt_solver_basis.cc">
      <Filter>Source Files</Filter>
    </ClCompile>
    <ClCompile Include="C:\Users\galab\code\HiGHS\highs\ipm\ipx\kkt_solver_diag.cc">
      <Filter>Source Files</Filter>
    </ClCompile>
    <ClCompile Include="C:\Users\galab\code\HiGHS\highs\ipm\ipx\kkt_solver.cc">
      <Filter>Source Files</Filter>
    </ClCompile>
    <ClCompile Include="C:\Users\galab\code\HiGHS\highs\ipm\ipx\linear_operator.cc">
      <Filter>Source Files</Filter>
    </ClCompile>
    <ClCompile Include="C:\Users\galab\code\HiGHS\highs\ipm\ipx\lp_solver.cc">
      <Filter>Source Files</Filter>
    </ClCompile>
    <ClCompile Include="C:\Users\galab\code\HiGHS\highs\ipm\ipx\lu_factorization.cc">
      <Filter>Source Files</Filter>
    </ClCompile>
    <ClCompile Include="C:\Users\galab\code\HiGHS\highs\ipm\ipx\lu_update.cc">
      <Filter>Source Files</Filter>
    </ClCompile>
    <ClCompile Include="C:\Users\galab\code\HiGHS\highs\ipm\ipx\maxvolume.cc">
      <Filter>Source Files</Filter>
    </ClCompile>
    <ClCompile Include="C:\Users\galab\code\HiGHS\highs\ipm\ipx\model.cc">
      <Filter>Source Files</Filter>
    </ClCompile>
    <ClCompile Include="C:\Users\galab\code\HiGHS\highs\ipm\ipx\normal_matrix.cc">
      <Filter>Source Files</Filter>
    </ClCompile>
    <ClCompile Include="C:\Users\galab\code\HiGHS\highs\ipm\ipx\sparse_matrix.cc">
      <Filter>Source Files</Filter>
    </ClCompile>
    <ClCompile Include="C:\Users\galab\code\HiGHS\highs\ipm\ipx\sparse_utils.cc">
      <Filter>Source Files</Filter>
    </ClCompile>
    <ClCompile Include="C:\Users\galab\code\HiGHS\highs\ipm\ipx\splitted_normal_matrix.cc">
      <Filter>Source Files</Filter>
    </ClCompile>
    <ClCompile Include="C:\Users\galab\code\HiGHS\highs\ipm\ipx\starting_basis.cc">
      <Filter>Source Files</Filter>
    </ClCompile>
    <ClCompile Include="C:\Users\galab\code\HiGHS\highs\ipm\ipx\symbolic_invert.cc">
      <Filter>Source Files</Filter>
    </ClCompile>
    <ClCompile Include="C:\Users\galab\code\HiGHS\highs\ipm\ipx\timer.cc">
      <Filter>Source Files</Filter>
    </ClCompile>
    <ClCompile Include="C:\Users\galab\code\HiGHS\highs\ipm\ipx\utils.cc">
      <Filter>Source Files</Filter>
    </ClCompile>
    <ClCompile Include="C:\Users\galab\code\HiGHS\highs\ipm\basiclu\basiclu_factorize.c">
      <Filter>Source Files</Filter>
    </ClCompile>
    <ClCompile Include="C:\Users\galab\code\HiGHS\highs\ipm\basiclu\basiclu_get_factors.c">
      <Filter>Source Files</Filter>
    </ClCompile>
    <ClCompile Include="C:\Users\galab\code\HiGHS\highs\ipm\basiclu\basiclu_initialize.c">
      <Filter>Source Files</Filter>
    </ClCompile>
    <ClCompile Include="C:\Users\galab\code\HiGHS\highs\ipm\basiclu\basiclu_object.c">
      <Filter>Source Files</Filter>
    </ClCompile>
    <ClCompile Include="C:\Users\galab\code\HiGHS\highs\ipm\basiclu\basiclu_solve_dense.c">
      <Filter>Source Files</Filter>
    </ClCompile>
    <ClCompile Include="C:\Users\galab\code\HiGHS\highs\ipm\basiclu\basiclu_solve_for_update.c">
      <Filter>Source Files</Filter>
    </ClCompile>
    <ClCompile Include="C:\Users\galab\code\HiGHS\highs\ipm\basiclu\basiclu_solve_sparse.c">
      <Filter>Source Files</Filter>
    </ClCompile>
    <ClCompile Include="C:\Users\galab\code\HiGHS\highs\ipm\basiclu\basiclu_update.c">
      <Filter>Source Files</Filter>
    </ClCompile>
    <ClCompile Include="C:\Users\galab\code\HiGHS\highs\ipm\basiclu\lu_build_factors.c">
      <Filter>Source Files</Filter>
    </ClCompile>
    <ClCompile Include="C:\Users\galab\code\HiGHS\highs\ipm\basiclu\lu_condest.c">
      <Filter>Source Files</Filter>
    </ClCompile>
    <ClCompile Include="C:\Users\galab\code\HiGHS\highs\ipm\basiclu\lu_dfs.c">
      <Filter>Source Files</Filter>
    </ClCompile>
    <ClCompile Include="C:\Users\galab\code\HiGHS\highs\ipm\basiclu\lu_factorize_bump.c">
      <Filter>Source Files</Filter>
    </ClCompile>
    <ClCompile Include="C:\Users\galab\code\HiGHS\highs\ipm\basiclu\lu_file.c">
      <Filter>Source Files</Filter>
    </ClCompile>
    <ClCompile Include="C:\Users\galab\code\HiGHS\highs\ipm\basiclu\lu_garbage_perm.c">
      <Filter>Source Files</Filter>
    </ClCompile>
    <ClCompile Include="C:\Users\galab\code\HiGHS\highs\ipm\basiclu\lu_initialize.c">
      <Filter>Source Files</Filter>
    </ClCompile>
    <ClCompile Include="C:\Users\galab\code\HiGHS\highs\ipm\basiclu\lu_internal.c">
      <Filter>Source Files</Filter>
    </ClCompile>
    <ClCompile Include="C:\Users\galab\code\HiGHS\highs\ipm\basiclu\lu_markowitz.c">
      <Filter>Source Files</Filter>
    </ClCompile>
    <ClCompile Include="C:\Users\galab\code\HiGHS\highs\ipm\basiclu\lu_matrix_norm.c">
      <Filter>Source Files</Filter>
    </ClCompile>
    <ClCompile Include="C:\Users\galab\code\HiGHS\highs\ipm\basiclu\lu_pivot.c">
      <Filter>Source Files</Filter>
    </ClCompile>
    <ClCompile Include="C:\Users\galab\code\HiGHS\highs\ipm\basiclu\lu_residual_test.c">
      <Filter>Source Files</Filter>
    </ClCompile>
    <ClCompile Include="C:\Users\galab\code\HiGHS\highs\ipm\basiclu\lu_setup_bump.c">
      <Filter>Source Files</Filter>
    </ClCompile>
    <ClCompile Include="C:\Users\galab\code\HiGHS\highs\ipm\basiclu\lu_singletons.c">
      <Filter>Source Files</Filter>
    </ClCompile>
    <ClCompile Include="C:\Users\galab\code\HiGHS\highs\ipm\basiclu\lu_solve_dense.c">
      <Filter>Source Files</Filter>
    </ClCompile>
    <ClCompile Include="C:\Users\galab\code\HiGHS\highs\ipm\basiclu\lu_solve_for_update.c">
      <Filter>Source Files</Filter>
    </ClCompile>
    <ClCompile Include="C:\Users\galab\code\HiGHS\highs\ipm\basiclu\lu_solve_sparse.c">
      <Filter>Source Files</Filter>
    </ClCompile>
    <ClCompile Include="C:\Users\galab\code\HiGHS\highs\ipm\basiclu\lu_solve_symbolic.c">
      <Filter>Source Files</Filter>
    </ClCompile>
    <ClCompile Include="C:\Users\galab\code\HiGHS\highs\ipm\basiclu\lu_solve_triangular.c">
      <Filter>Source Files</Filter>
    </ClCompile>
    <ClCompile Include="C:\Users\galab\code\HiGHS\highs\ipm\basiclu\lu_update.c">
      <Filter>Source Files</Filter>
    </ClCompile>
    <ClCompile Include="C:\Users\galab\code\HiGHS\highs\ipm\hipo\ipm\CurtisReidScaling.cpp">
      <Filter>Source Files</Filter>
    </ClCompile>
    <ClCompile Include="C:\Users\galab\code\HiGHS\highs\ipm\hipo\ipm\IpmData.cpp">
      <Filter>Source Files</Filter>
    </ClCompile>
    <ClCompile Include="C:\Users\galab\code\HiGHS\highs\ipm\hipo\ipm\FactorHiGHSSolver.cpp">
      <Filter>Source Files</Filter>
    </ClCompile>
    <ClCompile Include="C:\Users\galab\code\HiGHS\highs\ipm\hipo\ipm\Control.cpp">
      <Filter>Source Files</Filter>
    </ClCompile>
    <ClCompile Include="C:\Users\galab\code\HiGHS\highs\ipm\hipo\ipm\Iterate.cpp">
      <Filter>Source Files</Filter>
    </ClCompile>
    <ClCompile Include="C:\Users\galab\code\HiGHS\highs\ipm\hipo\ipm\LogHighs.cpp">
      <Filter>Source Files</Filter>
    </ClCompile>
    <ClCompile Include="C:\Users\galab\code\HiGHS\highs\ipm\hipo\ipm\Model.cpp">
      <Filter>Source Files</Filter>
    </ClCompile>
    <ClCompile Include="C:\Users\galab\code\HiGHS\highs\ipm\hipo\ipm\Refine.cpp">
      <Filter>Source Files</Filter>
    </ClCompile>
    <ClCompile Include="C:\Users\galab\code\HiGHS\highs\ipm\hipo\ipm\Solver.cpp">
      <Filter>Source Files</Filter>
    </ClCompile>
    <ClCompile Include="C:\Users\galab\code\HiGHS\highs\ipm\hipo\factorhighs\Analyse.cpp">
      <Filter>Source Files</Filter>
    </ClCompile>
    <ClCompile Include="C:\Users\galab\code\HiGHS\highs\ipm\hipo\factorhighs\CallAndTimeBlas.cpp">
      <Filter>Source Files</Filter>
    </ClCompile>
    <ClCompile Include="C:\Users\galab\code\HiGHS\highs\ipm\hipo\factorhighs\CliqueStack.cpp">
      <Filter>Source Files</Filter>
    </ClCompile>
    <ClCompile Include="C:\Users\galab\code\HiGHS\highs\ipm\hipo\factorhighs\DataCollector.cpp">
      <Filter>Source Files</Filter>
    </ClCompile>
    <ClCompile Include="C:\Users\galab\code\HiGHS\highs\ipm\hipo\factorhighs\DenseFactHybrid.cpp">
      <Filter>Source Files</Filter>
    </ClCompile>
    <ClCompile Include="C:\Users\galab\code\HiGHS\highs\ipm\hipo\factorhighs\DenseFactKernel.cpp">
      <Filter>Source Files</Filter>
    </ClCompile>
    <ClCompile Include="C:\Users\galab\code\HiGHS\highs\ipm\hipo\factorhighs\DgemmParallel.cpp">
      <Filter>Source Files</Filter>
    </ClCompile>
    <ClCompile Include="C:\Users\galab\code\HiGHS\highs\ipm\hipo\factorhighs\FactorHiGHS.cpp">
      <Filter>Source Files</Filter>
    </ClCompile>
    <ClCompile Include="C:\Users\galab\code\HiGHS\highs\ipm\hipo\factorhighs\Factorise.cpp">
      <Filter>Source Files</Filter>
    </ClCompile>
    <ClCompile Include="C:\Users\galab\code\HiGHS\highs\ipm\hipo\factorhighs\FormatHandler.cpp">
      <Filter>Source Files</Filter>
    </ClCompile>
    <ClCompile Include="C:\Users\galab\code\HiGHS\highs\ipm\hipo\factorhighs\HybridHybridFormatHandler.cpp">
      <Filter>Source Files</Filter>
    </ClCompile>
    <ClCompile Include="C:\Users\galab\code\HiGHS\highs\ipm\hipo\factorhighs\HybridSolveHandler.cpp">
      <Filter>Source Files</Filter>
    </ClCompile>
    <ClCompile Include="C:\Users\galab\code\HiGHS\highs\ipm\hipo\factorhighs\KrylovMethodsIpm.cpp">
      <Filter>Source Files</Filter>
    </ClCompile>
    <ClCompile Include="C:\Users\galab\code\HiGHS\highs\ipm\hipo\factorhighs\Numeric.cpp">
      <Filter>Source Files</Filter>
    </ClCompile>
    <ClCompile Include="C:\Users\galab\code\HiGHS\highs\ipm\hipo\factorhighs\SolveHandler.cpp">
      <Filter>Source Files</Filter>
    </ClCompile>
    <ClCompile Include="C:\Users\galab\code\HiGHS\highs\ipm\hipo\factorhighs\Swaps.cpp">
      <Filter>Source Files</Filter>
    </ClCompile>
    <ClCompile Include="C:\Users\galab\code\HiGHS\highs\ipm\hipo\factorhighs\Symbolic.cpp">
      <Filter>Source Files</Filter>
    </ClCompile>
    <ClCompile Include="C:\Users\galab\code\HiGHS\highs\ipm\hipo\auxiliary\AutoDetect.cpp">
      <Filter>Source Files</Filter>
    </ClCompile>
    <ClCompile Include="C:\Users\galab\code\HiGHS\highs\ipm\hipo\auxiliary\Auxiliary.cpp">
      <Filter>Source Files</Filter>
    </ClCompile>
    <ClCompile Include="C:\Users\galab\code\HiGHS\highs\ipm\hipo\auxiliary\KrylovMethods.cpp">
      <Filter>Source Files</Filter>
    </ClCompile>
    <ClCompile Include="C:\Users\galab\code\HiGHS\highs\ipm\hipo\auxiliary\Log.cpp">
      <Filter>Source Files</Filter>
    </ClCompile>
    <ClCompile Include="C:\Users\galab\code\HiGHS\highs\ipm\hipo\auxiliary\VectorOperations.cpp">
      <Filter>Source Files</Filter>
    </ClCompile>
    <ClCompile Include="C:\Users\galab\code\HiGHS\extern\amd\amd_1.c">
      <Filter>Source Files</Filter>
    </ClCompile>
    <ClCompile Include="C:\Users\galab\code\HiGHS\extern\amd\amd_2.c">
      <Filter>Source Files</Filter>
    </ClCompile>
    <ClCompile Include="C:\Users\galab\code\HiGHS\extern\amd\amd_aat.c">
      <Filter>Source Files</Filter>
    </ClCompile>
    <ClCompile Include="C:\Users\galab\code\HiGHS\extern\amd\amd_control.c">
      <Filter>Source Files</Filter>
    </ClCompile>
    <ClCompile Include="C:\Users\galab\code\HiGHS\extern\amd\amd_defaults.c">
      <Filter>Source Files</Filter>
    </ClCompile>
    <ClCompile Include="C:\Users\galab\code\HiGHS\extern\amd\amd_info.c">
      <Filter>Source Files</Filter>
    </ClCompile>
    <ClCompile Include="C:\Users\galab\code\HiGHS\extern\amd\amd_order.c">
      <Filter>Source Files</Filter>
    </ClCompile>
    <ClCompile Include="C:\Users\galab\code\HiGHS\extern\amd\amd_post_tree.c">
      <Filter>Source Files</Filter>
    </ClCompile>
    <ClCompile Include="C:\Users\galab\code\HiGHS\extern\amd\amd_postorder.c">
      <Filter>Source Files</Filter>
    </ClCompile>
    <ClCompile Include="C:\Users\galab\code\HiGHS\extern\amd\amd_preprocess.c">
      <Filter>Source Files</Filter>
    </ClCompile>
    <ClCompile Include="C:\Users\galab\code\HiGHS\extern\amd\amd_valid.c">
      <Filter>Source Files</Filter>
    </ClCompile>
    <ClCompile Include="C:\Users\galab\code\HiGHS\extern\amd\SuiteSparse_config.c">
      <Filter>Source Files</Filter>
    </ClCompile>
    <ClCompile Include="C:\Users\galab\code\HiGHS\extern\metis\GKlib\error.c">
      <Filter>Source Files</Filter>
    </ClCompile>
    <ClCompile Include="C:\Users\galab\code\HiGHS\extern\metis\GKlib\mcore.c">
      <Filter>Source Files</Filter>
    </ClCompile>
    <ClCompile Include="C:\Users\galab\code\HiGHS\extern\metis\GKlib\memory.c">
      <Filter>Source Files</Filter>
    </ClCompile>
    <ClCompile Include="C:\Users\galab\code\HiGHS\extern\metis\GKlib\random.c">
      <Filter>Source Files</Filter>
    </ClCompile>
    <ClCompile Include="C:\Users\galab\code\HiGHS\extern\metis\libmetis\auxapi.c">
      <Filter>Source Files</Filter>
    </ClCompile>
    <ClCompile Include="C:\Users\galab\code\HiGHS\extern\metis\libmetis\balance.c">
      <Filter>Source Files</Filter>
    </ClCompile>
    <ClCompile Include="C:\Users\galab\code\HiGHS\extern\metis\libmetis\bucketsort.c">
      <Filter>Source Files</Filter>
    </ClCompile>
    <ClCompile Include="C:\Users\galab\code\HiGHS\extern\metis\libmetis\coarsen.c">
      <Filter>Source Files</Filter>
    </ClCompile>
    <ClCompile Include="C:\Users\galab\code\HiGHS\extern\metis\libmetis\compress.c">
      <Filter>Source Files</Filter>
    </ClCompile>
    <ClCompile Include="C:\Users\galab\code\HiGHS\extern\metis\libmetis\contig.c">
      <Filter>Source Files</Filter>
    </ClCompile>
    <ClCompile Include="C:\Users\galab\code\HiGHS\extern\metis\libmetis\fm.c">
      <Filter>Source Files</Filter>
    </ClCompile>
    <ClCompile Include="C:\Users\galab\code\HiGHS\extern\metis\libmetis\gklib.c">
      <Filter>Source Files</Filter>
    </ClCompile>
    <ClCompile Include="C:\Users\galab\code\HiGHS\extern\metis\libmetis\graph.c">
      <Filter>Source Files</Filter>
    </ClCompile>
    <ClCompile Include="C:\Users\galab\code\HiGHS\extern\metis\libmetis\initpart.c">
      <Filter>Source Files</Filter>
    </ClCompile>
    <ClCompile Include="C:\Users\galab\code\HiGHS\extern\metis\libmetis\mcutil.c">
      <Filter>Source Files</Filter>
    </ClCompile>
    <ClCompile Include="C:\Users\galab\code\HiGHS\extern\metis\libmetis\mmd.c">
      <Filter>Source Files</Filter>
    </ClCompile>
    <ClCompile Include="C:\Users\galab\code\HiGHS\extern\metis\libmetis\ometis.c">
      <Filter>Source Files</Filter>
    </ClCompile>
    <ClCompile Include="C:\Users\galab\code\HiGHS\extern\metis\libmetis\options.c">
      <Filter>Source Files</Filter>
    </ClCompile>
    <ClCompile Include="C:\Users\galab\code\HiGHS\extern\metis\libmetis\refine.c">
      <Filter>Source Files</Filter>
    </ClCompile>
    <ClCompile Include="C:\Users\galab\code\HiGHS\extern\metis\libmetis\separator.c">
      <Filter>Source Files</Filter>
    </ClCompile>
    <ClCompile Include="C:\Users\galab\code\HiGHS\extern\metis\libmetis\sfm.c">
      <Filter>Source Files</Filter>
    </ClCompile>
    <ClCompile Include="C:\Users\galab\code\HiGHS\extern\metis\libmetis\srefine.c">
      <Filter>Source Files</Filter>
    </ClCompile>
    <ClCompile Include="C:\Users\galab\code\HiGHS\extern\metis\libmetis\util.c">
      <Filter>Source Files</Filter>
    </ClCompile>
    <ClCompile Include="C:\Users\galab\code\HiGHS\extern\metis\libmetis\wspace.c">
      <Filter>Source Files</Filter>
    </ClCompile>
    <ClCompile Include="C:\Users\galab\code\HiGHS\extern\rcm\rcm.cpp">
      <Filter>Source Files</Filter>
    </ClCompile>
  </ItemGroup>
  <ItemGroup>
    <ClInclude Include="C:\Users\galab\code\HiGHS\extern\filereaderlp\builder.hpp">
      <Filter>Header Files</Filter>
    </ClInclude>
    <ClInclude Include="C:\Users\galab\code\HiGHS\extern\filereaderlp\def.hpp">
      <Filter>Header Files</Filter>
    </ClInclude>
    <ClInclude Include="C:\Users\galab\code\HiGHS\extern\filereaderlp\model.hpp">
      <Filter>Header Files</Filter>
    </ClInclude>
    <ClInclude Include="C:\Users\galab\code\HiGHS\extern\filereaderlp\reader.hpp">
      <Filter>Header Files</Filter>
    </ClInclude>
    <ClInclude Include="C:\Users\galab\code\HiGHS\extern\pdqsort\pdqsort.h">
      <Filter>Header Files</Filter>
    </ClInclude>
    <ClInclude Include="C:\Users\galab\code\HiGHS\extern\zstr\strict_fstream.hpp">
      <Filter>Header Files</Filter>
    </ClInclude>
    <ClInclude Include="C:\Users\galab\code\HiGHS\extern\zstr\zstr.hpp">
      <Filter>Header Files</Filter>
    </ClInclude>
    <ClInclude Include="C:\Users\galab\code\HiGHS\highs\interfaces\highs_c_api.h">
      <Filter>Header Files</Filter>
    </ClInclude>
    <ClInclude Include="C:\Users\galab\code\HiGHS\highs\io\Filereader.h">
      <Filter>Header Files</Filter>
    </ClInclude>
    <ClInclude Include="C:\Users\galab\code\HiGHS\highs\io\FilereaderEms.h">
      <Filter>Header Files</Filter>
    </ClInclude>
    <ClInclude Include="C:\Users\galab\code\HiGHS\highs\io\FilereaderLp.h">
      <Filter>Header Files</Filter>
    </ClInclude>
    <ClInclude Include="C:\Users\galab\code\HiGHS\highs\io\FilereaderMps.h">
      <Filter>Header Files</Filter>
    </ClInclude>
    <ClInclude Include="C:\Users\galab\code\HiGHS\highs\io\HighsIO.h">
      <Filter>Header Files</Filter>
    </ClInclude>
    <ClInclude Include="C:\Users\galab\code\HiGHS\highs\io\HMpsFF.h">
      <Filter>Header Files</Filter>
    </ClInclude>
    <ClInclude Include="C:\Users\galab\code\HiGHS\highs\io\HMPSIO.h">
      <Filter>Header Files</Filter>
    </ClInclude>
    <ClInclude Include="C:\Users\galab\code\HiGHS\highs\io\LoadOptions.h">
      <Filter>Header Files</Filter>
    </ClInclude>
    <ClInclude Include="C:\Users\galab\code\HiGHS\highs\ipm\IpxSolution.h">
      <Filter>Header Files</Filter>
    </ClInclude>
    <ClInclude Include="C:\Users\galab\code\HiGHS\highs\ipm\IpxWrapper.h">
      <Filter>Header Files</Filter>
    </ClInclude>
    <ClInclude Include="C:\Users\galab\code\HiGHS\highs\lp_data\HConst.h">
      <Filter>Header Files</Filter>
    </ClInclude>
    <ClInclude Include="C:\Users\galab\code\HiGHS\highs\lp_data\HighsAnalysis.h">
      <Filter>Header Files</Filter>
    </ClInclude>
    <ClInclude Include="C:\Users\galab\code\HiGHS\highs\lp_data\HighsCallback.h">
      <Filter>Header Files</Filter>
    </ClInclude>
    <ClInclude Include="C:\Users\galab\code\HiGHS\highs\lp_data\HighsCallbackStruct.h">
      <Filter>Header Files</Filter>
    </ClInclude>
    <ClInclude Include="C:\Users\galab\code\HiGHS\highs\lp_data\HighsDebug.h">
      <Filter>Header Files</Filter>
    </ClInclude>
    <ClInclude Include="C:\Users\galab\code\HiGHS\highs\lp_data\HighsIis.h">
      <Filter>Header Files</Filter>
    </ClInclude>
    <ClInclude Include="C:\Users\galab\code\HiGHS\highs\lp_data\HighsInfo.h">
      <Filter>Header Files</Filter>
    </ClInclude>
    <ClInclude Include="C:\Users\galab\code\HiGHS\highs\lp_data\HighsInfoDebug.h">
      <Filter>Header Files</Filter>
    </ClInclude>
    <ClInclude Include="C:\Users\galab\code\HiGHS\highs\lp_data\HighsLp.h">
      <Filter>Header Files</Filter>
    </ClInclude>
    <ClInclude Include="C:\Users\galab\code\HiGHS\highs\lp_data\HighsLpSolverObject.h">
      <Filter>Header Files</Filter>
    </ClInclude>
    <ClInclude Include="C:\Users\galab\code\HiGHS\highs\lp_data\HighsLpUtils.h">
      <Filter>Header Files</Filter>
    </ClInclude>
    <ClInclude Include="C:\Users\galab\code\HiGHS\highs\lp_data\HighsModelUtils.h">
      <Filter>Header Files</Filter>
    </ClInclude>
    <ClInclude Include="C:\Users\galab\code\HiGHS\highs\lp_data\HighsOptions.h">
      <Filter>Header Files</Filter>
    </ClInclude>
    <ClInclude Include="C:\Users\galab\code\HiGHS\highs\lp_data\HighsRanging.h">
      <Filter>Header Files</Filter>
    </ClInclude>
    <ClInclude Include="C:\Users\galab\code\HiGHS\highs\lp_data\HighsSolution.h">
      <Filter>Header Files</Filter>
    </ClInclude>
    <ClInclude Include="C:\Users\galab\code\HiGHS\highs\lp_data\HighsSolutionDebug.h">
      <Filter>Header Files</Filter>
    </ClInclude>
    <ClInclude Include="C:\Users\galab\code\HiGHS\highs\lp_data\HighsSolve.h">
      <Filter>Header Files</Filter>
    </ClInclude>
    <ClInclude Include="C:\Users\galab\code\HiGHS\highs\lp_data\HighsStatus.h">
      <Filter>Header Files</Filter>
    </ClInclude>
    <ClInclude Include="C:\Users\galab\code\HiGHS\highs\lp_data\HStruct.h">
      <Filter>Header Files</Filter>
    </ClInclude>
    <ClInclude Include="C:\Users\galab\code\HiGHS\highs\mip\feasibilityjump.hh">
      <Filter>Header Files</Filter>
    </ClInclude>
    <ClInclude Include="C:\Users\galab\code\HiGHS\highs\mip\HighsCliqueTable.h">
      <Filter>Header Files</Filter>
    </ClInclude>
    <ClInclude Include="C:\Users\galab\code\HiGHS\highs\mip\HighsConflictPool.h">
      <Filter>Header Files</Filter>
    </ClInclude>
    <ClInclude Include="C:\Users\galab\code\HiGHS\highs\mip\HighsCutGeneration.h">
      <Filter>Header Files</Filter>
    </ClInclude>
    <ClInclude Include="C:\Users\galab\code\HiGHS\highs\mip\HighsCutPool.h">
      <Filter>Header Files</Filter>
    </ClInclude>
    <ClInclude Include="C:\Users\galab\code\HiGHS\highs\mip\HighsDebugSol.h">
      <Filter>Header Files</Filter>
    </ClInclude>
    <ClInclude Include="C:\Users\galab\code\HiGHS\highs\mip\HighsDomain.h">
      <Filter>Header Files</Filter>
    </ClInclude>
    <ClInclude Include="C:\Users\galab\code\HiGHS\highs\mip\HighsDomainChange.h">
      <Filter>Header Files</Filter>
    </ClInclude>
    <ClInclude Include="C:\Users\galab\code\HiGHS\highs\mip\HighsDynamicRowMatrix.h">
      <Filter>Header Files</Filter>
    </ClInclude>
    <ClInclude Include="C:\Users\galab\code\HiGHS\highs\mip\HighsGFkSolve.h">
      <Filter>Header Files</Filter>
    </ClInclude>
    <ClInclude Include="C:\Users\galab\code\HiGHS\highs\mip\HighsImplications.h">
      <Filter>Header Files</Filter>
    </ClInclude>
    <ClInclude Include="C:\Users\galab\code\HiGHS\highs\mip\HighsLpAggregator.h">
      <Filter>Header Files</Filter>
    </ClInclude>
    <ClInclude Include="C:\Users\galab\code\HiGHS\highs\mip\HighsLpRelaxation.h">
      <Filter>Header Files</Filter>
    </ClInclude>
    <ClInclude Include="C:\Users\galab\code\HiGHS\highs\mip\HighsMipAnalysis.h">
      <Filter>Header Files</Filter>
    </ClInclude>
    <ClInclude Include="C:\Users\galab\code\HiGHS\highs\mip\HighsMipSolver.h">
      <Filter>Header Files</Filter>
    </ClInclude>
    <ClInclude Include="C:\Users\galab\code\HiGHS\highs\mip\HighsMipSolverData.h">
      <Filter>Header Files</Filter>
    </ClInclude>
    <ClInclude Include="C:\Users\galab\code\HiGHS\highs\mip\HighsModkSeparator.h">
      <Filter>Header Files</Filter>
    </ClInclude>
    <ClInclude Include="C:\Users\galab\code\HiGHS\highs\mip\HighsNodeQueue.h">
      <Filter>Header Files</Filter>
    </ClInclude>
    <ClInclude Include="C:\Users\galab\code\HiGHS\highs\mip\HighsObjectiveFunction.h">
      <Filter>Header Files</Filter>
    </ClInclude>
    <ClInclude Include="C:\Users\galab\code\HiGHS\highs\mip\HighsPathSeparator.h">
      <Filter>Header Files</Filter>
    </ClInclude>
    <ClInclude Include="C:\Users\galab\code\HiGHS\highs\mip\HighsPrimalHeuristics.h">
      <Filter>Header Files</Filter>
    </ClInclude>
    <ClInclude Include="C:\Users\galab\code\HiGHS\highs\mip\HighsPseudocost.h">
      <Filter>Header Files</Filter>
    </ClInclude>
    <ClInclude Include="C:\Users\galab\code\HiGHS\highs\mip\HighsRedcostFixing.h">
      <Filter>Header Files</Filter>
    </ClInclude>
    <ClInclude Include="C:\Users\galab\code\HiGHS\highs\mip\HighsSearch.h">
      <Filter>Header Files</Filter>
    </ClInclude>
    <ClInclude Include="C:\Users\galab\code\HiGHS\highs\mip\HighsSeparation.h">
      <Filter>Header Files</Filter>
    </ClInclude>
    <ClInclude Include="C:\Users\galab\code\HiGHS\highs\mip\HighsSeparator.h">
      <Filter>Header Files</Filter>
    </ClInclude>
    <ClInclude Include="C:\Users\galab\code\HiGHS\highs\mip\HighsTableauSeparator.h">
      <Filter>Header Files</Filter>
    </ClInclude>
    <ClInclude Include="C:\Users\galab\code\HiGHS\highs\mip\HighsTransformedLp.h">
      <Filter>Header Files</Filter>
    </ClInclude>
    <ClInclude Include="C:\Users\galab\code\HiGHS\highs\mip\MipTimer.h">
      <Filter>Header Files</Filter>
    </ClInclude>
    <ClInclude Include="C:\Users\galab\code\HiGHS\highs\model\HighsHessian.h">
      <Filter>Header Files</Filter>
    </ClInclude>
    <ClInclude Include="C:\Users\galab\code\HiGHS\highs\model\HighsHessianUtils.h">
      <Filter>Header Files</Filter>
    </ClInclude>
    <ClInclude Include="C:\Users\galab\code\HiGHS\highs\model\HighsModel.h">
      <Filter>Header Files</Filter>
    </ClInclude>
    <ClInclude Include="C:\Users\galab\code\HiGHS\highs\parallel\HighsBinarySemaphore.h">
      <Filter>Header Files</Filter>
    </ClInclude>
    <ClInclude Include="C:\Users\galab\code\HiGHS\highs\parallel\HighsCacheAlign.h">
      <Filter>Header Files</Filter>
    </ClInclude>
    <ClInclude Include="C:\Users\galab\code\HiGHS\highs\parallel\HighsCombinable.h">
      <Filter>Header Files</Filter>
    </ClInclude>
    <ClInclude Include="C:\Users\galab\code\HiGHS\highs\parallel\HighsMutex.h">
      <Filter>Header Files</Filter>
    </ClInclude>
    <ClInclude Include="C:\Users\galab\code\HiGHS\highs\parallel\HighsParallel.h">
      <Filter>Header Files</Filter>
    </ClInclude>
    <ClInclude Include="C:\Users\galab\code\HiGHS\highs\parallel\HighsRaceTimer.h">
      <Filter>Header Files</Filter>
    </ClInclude>
    <ClInclude Include="C:\Users\galab\code\HiGHS\highs\parallel\HighsSchedulerConstants.h">
      <Filter>Header Files</Filter>
    </ClInclude>
    <ClInclude Include="C:\Users\galab\code\HiGHS\highs\parallel\HighsSpinMutex.h">
      <Filter>Header Files</Filter>
    </ClInclude>
    <ClInclude Include="C:\Users\galab\code\HiGHS\highs\parallel\HighsSplitDeque.h">
      <Filter>Header Files</Filter>
    </ClInclude>
    <ClInclude Include="C:\Users\galab\code\HiGHS\highs\parallel\HighsTask.h">
      <Filter>Header Files</Filter>
    </ClInclude>
    <ClInclude Include="C:\Users\galab\code\HiGHS\highs\parallel\HighsTaskExecutor.h">
      <Filter>Header Files</Filter>
    </ClInclude>
    <ClInclude Include="C:\Users\galab\code\HiGHS\highs\pdlp\CupdlpWrapper.h">
      <Filter>Header Files</Filter>
    </ClInclude>
    <ClInclude Include="C:\Users\galab\code\HiGHS\highs\presolve\HighsPostsolveStack.h">
      <Filter>Header Files</Filter>
    </ClInclude>
    <ClInclude Include="C:\Users\galab\code\HiGHS\highs\presolve\HighsSymmetry.h">
      <Filter>Header Files</Filter>
    </ClInclude>
    <ClInclude Include="C:\Users\galab\code\HiGHS\highs\presolve\HPresolve.h">
      <Filter>Header Files</Filter>
    </ClInclude>
    <ClInclude Include="C:\Users\galab\code\HiGHS\highs\presolve\HPresolveAnalysis.h">
      <Filter>Header Files</Filter>
    </ClInclude>
    <ClInclude Include="C:\Users\galab\code\HiGHS\highs\presolve\ICrash.h">
      <Filter>Header Files</Filter>
    </ClInclude>
    <ClInclude Include="C:\Users\galab\code\HiGHS\highs\presolve\ICrashUtil.h">
      <Filter>Header Files</Filter>
    </ClInclude>
    <ClInclude Include="C:\Users\galab\code\HiGHS\highs\presolve\ICrashX.h">
      <Filter>Header Files</Filter>
    </ClInclude>
    <ClInclude Include="C:\Users\galab\code\HiGHS\highs\presolve\PresolveComponent.h">
      <Filter>Header Files</Filter>
    </ClInclude>
    <ClInclude Include="C:\Users\galab\code\HiGHS\highs\qpsolver\a_asm.hpp">
      <Filter>Header Files</Filter>
    </ClInclude>
    <ClInclude Include="C:\Users\galab\code\HiGHS\highs\qpsolver\a_quass.hpp">
      <Filter>Header Files</Filter>
    </ClInclude>
    <ClInclude Include="C:\Users\galab\code\HiGHS\highs\qpsolver\basis.hpp">
      <Filter>Header Files</Filter>
    </ClInclude>
    <ClInclude Include="C:\Users\galab\code\HiGHS\highs\qpsolver\crashsolution.hpp">
      <Filter>Header Files</Filter>
    </ClInclude>
    <ClInclude Include="C:\Users\galab\code\HiGHS\highs\qpsolver\dantzigpricing.hpp">
      <Filter>Header Files</Filter>
    </ClInclude>
    <ClInclude Include="C:\Users\galab\code\HiGHS\highs\qpsolver\devexpricing.hpp">
      <Filter>Header Files</Filter>
    </ClInclude>
    <ClInclude Include="C:\Users\galab\code\HiGHS\highs\qpsolver\eventhandler.hpp">
      <Filter>Header Files</Filter>
    </ClInclude>
    <ClInclude Include="C:\Users\galab\code\HiGHS\highs\qpsolver\factor.hpp">
      <Filter>Header Files</Filter>
    </ClInclude>
    <ClInclude Include="C:\Users\galab\code\HiGHS\highs\qpsolver\feasibility_bounded.hpp">
      <Filter>Header Files</Filter>
    </ClInclude>
    <ClInclude Include="C:\Users\galab\code\HiGHS\highs\qpsolver\feasibility_highs.hpp">
      <Filter>Header Files</Filter>
    </ClInclude>
    <ClInclude Include="C:\Users\galab\code\HiGHS\highs\qpsolver\gradient.hpp">
      <Filter>Header Files</Filter>
    </ClInclude>
    <ClInclude Include="C:\Users\galab\code\HiGHS\highs\qpsolver\instance.hpp">
      <Filter>Header Files</Filter>
    </ClInclude>
    <ClInclude Include="C:\Users\galab\code\HiGHS\highs\qpsolver\matrix.hpp">
      <Filter>Header Files</Filter>
    </ClInclude>
    <ClInclude Include="C:\Users\galab\code\HiGHS\highs\qpsolver\perturbation.hpp">
      <Filter>Header Files</Filter>
    </ClInclude>
    <ClInclude Include="C:\Users\galab\code\HiGHS\highs\qpsolver\pricing.hpp">
      <Filter>Header Files</Filter>
    </ClInclude>
    <ClInclude Include="C:\Users\galab\code\HiGHS\highs\qpsolver\qpconst.hpp">
      <Filter>Header Files</Filter>
    </ClInclude>
    <ClInclude Include="C:\Users\galab\code\HiGHS\highs\qpsolver\qpvector.hpp">
      <Filter>Header Files</Filter>
    </ClInclude>
    <ClInclude Include="C:\Users\galab\code\HiGHS\highs\qpsolver\quass.hpp">
      <Filter>Header Files</Filter>
    </ClInclude>
    <ClInclude Include="C:\Users\galab\code\HiGHS\highs\qpsolver\ratiotest.hpp">
      <Filter>Header Files</Filter>
    </ClInclude>
    <ClInclude Include="C:\Users\galab\code\HiGHS\highs\qpsolver\runtime.hpp">
      <Filter>Header Files</Filter>
    </ClInclude>
    <ClInclude Include="C:\Users\galab\code\HiGHS\highs\qpsolver\scaling.hpp">
      <Filter>Header Files</Filter>
    </ClInclude>
    <ClInclude Include="C:\Users\galab\code\HiGHS\highs\qpsolver\settings.hpp">
      <Filter>Header Files</Filter>
    </ClInclude>
    <ClInclude Include="C:\Users\galab\code\HiGHS\highs\qpsolver\snippets.hpp">
      <Filter>Header Files</Filter>
    </ClInclude>
    <ClInclude Include="C:\Users\galab\code\HiGHS\highs\qpsolver\statistics.hpp">
      <Filter>Header Files</Filter>
    </ClInclude>
    <ClInclude Include="C:\Users\galab\code\HiGHS\highs\qpsolver\steepestedgepricing.hpp">
      <Filter>Header Files</Filter>
    </ClInclude>
    <ClInclude Include="C:\Users\galab\code\HiGHS\highs\simplex\HApp.h">
      <Filter>Header Files</Filter>
    </ClInclude>
    <ClInclude Include="C:\Users\galab\code\HiGHS\highs\simplex\HEkk.h">
      <Filter>Header Files</Filter>
    </ClInclude>
    <ClInclude Include="C:\Users\galab\code\HiGHS\highs\simplex\HEkkDual.h">
      <Filter>Header Files</Filter>
    </ClInclude>
    <ClInclude Include="C:\Users\galab\code\HiGHS\highs\simplex\HEkkDualRHS.h">
      <Filter>Header Files</Filter>
    </ClInclude>
    <ClInclude Include="C:\Users\galab\code\HiGHS\highs\simplex\HEkkDualRow.h">
      <Filter>Header Files</Filter>
    </ClInclude>
    <ClInclude Include="C:\Users\galab\code\HiGHS\highs\simplex\HEkkPrimal.h">
      <Filter>Header Files</Filter>
    </ClInclude>
    <ClInclude Include="C:\Users\galab\code\HiGHS\highs\simplex\HighsSimplexAnalysis.h">
      <Filter>Header Files</Filter>
    </ClInclude>
    <ClInclude Include="C:\Users\galab\code\HiGHS\highs\simplex\HSimplex.h">
      <Filter>Header Files</Filter>
    </ClInclude>
    <ClInclude Include="C:\Users\galab\code\HiGHS\highs\simplex\HSimplexDebug.h">
      <Filter>Header Files</Filter>
    </ClInclude>
    <ClInclude Include="C:\Users\galab\code\HiGHS\highs\simplex\HSimplexNla.h">
      <Filter>Header Files</Filter>
    </ClInclude>
    <ClInclude Include="C:\Users\galab\code\HiGHS\highs\simplex\HSimplexReport.h">
      <Filter>Header Files</Filter>
    </ClInclude>
    <ClInclude Include="C:\Users\galab\code\HiGHS\highs\simplex\SimplexConst.h">
      <Filter>Header Files</Filter>
    </ClInclude>
    <ClInclude Include="C:\Users\galab\code\HiGHS\highs\simplex\SimplexStruct.h">
      <Filter>Header Files</Filter>
    </ClInclude>
    <ClInclude Include="C:\Users\galab\code\HiGHS\highs\simplex\SimplexTimer.h">
      <Filter>Header Files</Filter>
    </ClInclude>
    <ClInclude Include="C:\Users\galab\code\HiGHS\highs\test_kkt\DevKkt.h">
      <Filter>Header Files</Filter>
    </ClInclude>
    <ClInclude Include="C:\Users\galab\code\HiGHS\highs\test_kkt\KktCh2.h">
      <Filter>Header Files</Filter>
    </ClInclude>
    <ClInclude Include="C:\Users\galab\code\HiGHS\highs\util\FactorTimer.h">
      <Filter>Header Files</Filter>
    </ClInclude>
    <ClInclude Include="C:\Users\galab\code\HiGHS\highs\util\HFactor.h">
      <Filter>Header Files</Filter>
    </ClInclude>
    <ClInclude Include="C:\Users\galab\code\HiGHS\highs\util\HFactorConst.h">
      <Filter>Header Files</Filter>
    </ClInclude>
    <ClInclude Include="C:\Users\galab\code\HiGHS\highs\util\HFactorDebug.h">
      <Filter>Header Files</Filter>
    </ClInclude>
    <ClInclude Include="C:\Users\galab\code\HiGHS\highs\util\HighsCDouble.h">
      <Filter>Header Files</Filter>
    </ClInclude>
    <ClInclude Include="C:\Users\galab\code\HiGHS\highs\util\HighsComponent.h">
      <Filter>Header Files</Filter>
    </ClInclude>
    <ClInclude Include="C:\Users\galab\code\HiGHS\highs\util\HighsDataStack.h">
      <Filter>Header Files</Filter>
    </ClInclude>
    <ClInclude Include="C:\Users\galab\code\HiGHS\highs\util\HighsDisjointSets.h">
      <Filter>Header Files</Filter>
    </ClInclude>
    <ClInclude Include="C:\Users\galab\code\HiGHS\highs\util\HighsHash.h">
      <Filter>Header Files</Filter>
    </ClInclude>
    <ClInclude Include="C:\Users\galab\code\HiGHS\highs\util\HighsHashTree.h">
      <Filter>Header Files</Filter>
    </ClInclude>
    <ClInclude Include="C:\Users\galab\code\HiGHS\highs\util\HighsInt.h">
      <Filter>Header Files</Filter>
    </ClInclude>
    <ClInclude Include="C:\Users\galab\code\HiGHS\highs\util\HighsIntegers.h">
      <Filter>Header Files</Filter>
    </ClInclude>
    <ClInclude Include="C:\Users\galab\code\HiGHS\highs\util\HighsLinearSumBounds.h">
      <Filter>Header Files</Filter>
    </ClInclude>
    <ClInclude Include="C:\Users\galab\code\HiGHS\highs\util\HighsMatrixPic.h">
      <Filter>Header Files</Filter>
    </ClInclude>
    <ClInclude Include="C:\Users\galab\code\HiGHS\highs\util\HighsMatrixSlice.h">
      <Filter>Header Files</Filter>
    </ClInclude>
    <ClInclude Include="C:\Users\galab\code\HiGHS\highs\util\HighsMatrixUtils.h">
      <Filter>Header Files</Filter>
    </ClInclude>
    <ClInclude Include="C:\Users\galab\code\HiGHS\highs\util\HighsMemoryAllocation.h">
      <Filter>Header Files</Filter>
    </ClInclude>
    <ClInclude Include="C:\Users\galab\code\HiGHS\highs\util\HighsRandom.h">
      <Filter>Header Files</Filter>
    </ClInclude>
    <ClInclude Include="C:\Users\galab\code\HiGHS\highs\util\HighsRbTree.h">
      <Filter>Header Files</Filter>
    </ClInclude>
    <ClInclude Include="C:\Users\galab\code\HiGHS\highs\util\HighsSort.h">
      <Filter>Header Files</Filter>
    </ClInclude>
    <ClInclude Include="C:\Users\galab\code\HiGHS\highs\util\HighsSparseMatrix.h">
      <Filter>Header Files</Filter>
    </ClInclude>
    <ClInclude Include="C:\Users\galab\code\HiGHS\highs\util\HighsSparseVectorSum.h">
      <Filter>Header Files</Filter>
    </ClInclude>
    <ClInclude Include="C:\Users\galab\code\HiGHS\highs\util\HighsSplay.h">
      <Filter>Header Files</Filter>
    </ClInclude>
    <ClInclude Include="C:\Users\galab\code\HiGHS\highs\util\HighsTimer.h">
      <Filter>Header Files</Filter>
    </ClInclude>
    <ClInclude Include="C:\Users\galab\code\HiGHS\highs\util\HighsUtils.h">
      <Filter>Header Files</Filter>
    </ClInclude>
    <ClInclude Include="C:\Users\galab\code\HiGHS\highs\util\HSet.h">
      <Filter>Header Files</Filter>
    </ClInclude>
    <ClInclude Include="C:\Users\galab\code\HiGHS\highs\util\HVector.h">
      <Filter>Header Files</Filter>
    </ClInclude>
    <ClInclude Include="C:\Users\galab\code\HiGHS\highs\util\HVectorBase.h">
      <Filter>Header Files</Filter>
    </ClInclude>
    <ClInclude Include="C:\Users\galab\code\HiGHS\highs\util\stringutil.h">
      <Filter>Header Files</Filter>
    </ClInclude>
    <ClInclude Include="C:\Users\galab\code\HiGHS\highs\Highs.h">
      <Filter>Header Files</Filter>
    </ClInclude>
    <ClInclude Include="C:\Users\galab\code\HiGHS\highs\pdlp\cupdlp\cupdlp_cs.h">
      <Filter>Header Files</Filter>
    </ClInclude>
    <ClInclude Include="C:\Users\galab\code\HiGHS\highs\pdlp\cupdlp\cupdlp_defs.h">
      <Filter>Header Files</Filter>
    </ClInclude>
    <ClInclude Include="C:\Users\galab\code\HiGHS\highs\pdlp\cupdlp\cupdlp_linalg.h">
      <Filter>Header Files</Filter>
    </ClInclude>
    <ClInclude Include="C:\Users\galab\code\HiGHS\highs\pdlp\cupdlp\cupdlp_proj.h">
      <Filter>Header Files</Filter>
    </ClInclude>
    <ClInclude Include="C:\Users\galab\code\HiGHS\highs\pdlp\cupdlp\cupdlp_restart.h">
      <Filter>Header Files</Filter>
    </ClInclude>
    <ClInclude Include="C:\Users\galab\code\HiGHS\highs\pdlp\cupdlp\cupdlp_scaling.h">
      <Filter>Header Files</Filter>
    </ClInclude>
    <ClInclude Include="C:\Users\galab\code\HiGHS\highs\pdlp\cupdlp\cupdlp_solver.h">
      <Filter>Header Files</Filter>
    </ClInclude>
    <ClInclude Include="C:\Users\galab\code\HiGHS\highs\pdlp\cupdlp\cupdlp_step.h">
      <Filter>Header Files</Filter>
    </ClInclude>
    <ClInclude Include="C:\Users\galab\code\HiGHS\highs\ipm\ipx\basiclu_kernel.h">
      <Filter>Header Files</Filter>
    </ClInclude>
    <ClInclude Include="C:\Users\galab\code\HiGHS\highs\ipm\ipx\basiclu_wrapper.h">
      <Filter>Header Files</Filter>
    </ClInclude>
    <ClInclude Include="C:\Users\galab\code\HiGHS\highs\ipm\ipx\basis.h">
      <Filter>Header Files</Filter>
    </ClInclude>
    <ClInclude Include="C:\Users\galab\code\HiGHS\highs\ipm\ipx\conjugate_residuals.h">
      <Filter>Header Files</Filter>
    </ClInclude>
    <ClInclude Include="C:\Users\galab\code\HiGHS\highs\ipm\ipx\control.h">
      <Filter>Header Files</Filter>
    </ClInclude>
    <ClInclude Include="C:\Users\galab\code\HiGHS\highs\ipm\ipx\crossover.h">
      <Filter>Header Files</Filter>
    </ClInclude>
    <ClInclude Include="C:\Users\galab\code\HiGHS\highs\ipm\ipx\diagonal_precond.h">
      <Filter>Header Files</Filter>
    </ClInclude>
    <ClInclude Include="C:\Users\galab\code\HiGHS\highs\ipm\ipx\forrest_tomlin.h">
      <Filter>Header Files</Filter>
    </ClInclude>
    <ClInclude Include="C:\Users\galab\code\HiGHS\highs\ipm\ipx\guess_basis.h">
      <Filter>Header Files</Filter>
    </ClInclude>
    <ClInclude Include="C:\Users\galab\code\HiGHS\highs\ipm\ipx\indexed_vector.h">
      <Filter>Header Files</Filter>
    </ClInclude>
    <ClInclude Include="C:\Users\galab\code\HiGHS\highs\ipm\ipx\info.h">
      <Filter>Header Files</Filter>
    </ClInclude>
    <ClInclude Include="C:\Users\galab\code\HiGHS\highs\ipm\ipx\ipm.h">
      <Filter>Header Files</Filter>
    </ClInclude>
    <ClInclude Include="C:\Users\galab\code\HiGHS\highs\ipm\ipx\ipx_c.h">
      <Filter>Header Files</Filter>
    </ClInclude>
    <ClInclude Include="C:\Users\galab\code\HiGHS\highs\ipm\ipx\ipx_config.h">
      <Filter>Header Files</Filter>
    </ClInclude>
    <ClInclude Include="C:\Users\galab\code\HiGHS\highs\ipm\ipx\ipx_info.h">
      <Filter>Header Files</Filter>
    </ClInclude>
    <ClInclude Include="C:\Users\galab\code\HiGHS\highs\ipm\ipx\ipx_internal.h">
      <Filter>Header Files</Filter>
    </ClInclude>
    <ClInclude Include="C:\Users\galab\code\HiGHS\highs\ipm\ipx\ipx_parameters.h">
      <Filter>Header Files</Filter>
    </ClInclude>
    <ClInclude Include="C:\Users\galab\code\HiGHS\highs\ipm\ipx\ipx_status.h">
      <Filter>Header Files</Filter>
    </ClInclude>
    <ClInclude Include="C:\Users\galab\code\HiGHS\highs\ipm\ipx\iterate.h">
      <Filter>Header Files</Filter>
    </ClInclude>
    <ClInclude Include="C:\Users\galab\code\HiGHS\highs\ipm\ipx\kkt_solver_basis.h">
      <Filter>Header Files</Filter>
    </ClInclude>
    <ClInclude Include="C:\Users\galab\code\HiGHS\highs\ipm\ipx\kkt_solver_diag.h">
      <Filter>Header Files</Filter>
    </ClInclude>
    <ClInclude Include="C:\Users\galab\code\HiGHS\highs\ipm\ipx\kkt_solver.h">
      <Filter>Header Files</Filter>
    </ClInclude>
    <ClInclude Include="C:\Users\galab\code\HiGHS\highs\ipm\ipx\linear_operator.h">
      <Filter>Header Files</Filter>
    </ClInclude>
    <ClInclude Include="C:\Users\galab\code\HiGHS\highs\ipm\ipx\lp_solver.h">
      <Filter>Header Files</Filter>
    </ClInclude>
    <ClInclude Include="C:\Users\galab\code\HiGHS\highs\ipm\ipx\lu_factorization.h">
      <Filter>Header Files</Filter>
    </ClInclude>
    <ClInclude Include="C:\Users\galab\code\HiGHS\highs\ipm\ipx\lu_update.h">
      <Filter>Header Files</Filter>
    </ClInclude>
    <ClInclude Include="C:\Users\galab\code\HiGHS\highs\ipm\ipx\maxvolume.h">
      <Filter>Header Files</Filter>
    </ClInclude>
    <ClInclude Include="C:\Users\galab\code\HiGHS\highs\ipm\ipx\model.h">
      <Filter>Header Files</Filter>
    </ClInclude>
    <ClInclude Include="C:\Users\galab\code\HiGHS\highs\ipm\ipx\multistream.h">
      <Filter>Header Files</Filter>
    </ClInclude>
    <ClInclude Include="C:\Users\galab\code\HiGHS\highs\ipm\ipx\normal_matrix.h">
      <Filter>Header Files</Filter>
    </ClInclude>
    <ClInclude Include="C:\Users\galab\code\HiGHS\highs\ipm\ipx\power_method.h">
      <Filter>Header Files</Filter>
    </ClInclude>
    <ClInclude Include="C:\Users\galab\code\HiGHS\highs\ipm\ipx\sparse_matrix.h">
      <Filter>Header Files</Filter>
    </ClInclude>
    <ClInclude Include="C:\Users\galab\code\HiGHS\highs\ipm\ipx\sparse_utils.h">
      <Filter>Header Files</Filter>
    </ClInclude>
    <ClInclude Include="C:\Users\galab\code\HiGHS\highs\ipm\ipx\splitted_normal_matrix.h">
      <Filter>Header Files</Filter>
    </ClInclude>
    <ClInclude Include="C:\Users\galab\code\HiGHS\highs\ipm\ipx\starting_basis.h">
      <Filter>Header Files</Filter>
    </ClInclude>
    <ClInclude Include="C:\Users\galab\code\HiGHS\highs\ipm\ipx\symbolic_invert.h">
      <Filter>Header Files</Filter>
    </ClInclude>
    <ClInclude Include="C:\Users\galab\code\HiGHS\highs\ipm\ipx\timer.h">
      <Filter>Header Files</Filter>
    </ClInclude>
    <ClInclude Include="C:\Users\galab\code\HiGHS\highs\ipm\ipx\utils.h">
      <Filter>Header Files</Filter>
    </ClInclude>
    <ClInclude Include="C:\Users\galab\code\HiGHS\highs\ipm\basiclu\basiclu_factorize.h">
      <Filter>Header Files</Filter>
    </ClInclude>
    <ClInclude Include="C:\Users\galab\code\HiGHS\highs\ipm\basiclu\basiclu_get_factors.h">
      <Filter>Header Files</Filter>
    </ClInclude>
    <ClInclude Include="C:\Users\galab\code\HiGHS\highs\ipm\basiclu\basiclu_initialize.h">
      <Filter>Header Files</Filter>
    </ClInclude>
    <ClInclude Include="C:\Users\galab\code\HiGHS\highs\ipm\basiclu\basiclu_obj_factorize.h">
      <Filter>Header Files</Filter>
    </ClInclude>
    <ClInclude Include="C:\Users\galab\code\HiGHS\highs\ipm\basiclu\basiclu_obj_free.h">
      <Filter>Header Files</Filter>
    </ClInclude>
    <ClInclude Include="C:\Users\galab\code\HiGHS\highs\ipm\basiclu\basiclu_obj_get_factors.h">
      <Filter>Header Files</Filter>
    </ClInclude>
    <ClInclude Include="C:\Users\galab\code\HiGHS\highs\ipm\basiclu\basiclu_obj_initialize.h">
      <Filter>Header Files</Filter>
    </ClInclude>
    <ClInclude Include="C:\Users\galab\code\HiGHS\highs\ipm\basiclu\basiclu_obj_solve_dense.h">
      <Filter>Header Files</Filter>
    </ClInclude>
    <ClInclude Include="C:\Users\galab\code\HiGHS\highs\ipm\basiclu\basiclu_obj_solve_for_update.h">
      <Filter>Header Files</Filter>
    </ClInclude>
    <ClInclude Include="C:\Users\galab\code\HiGHS\highs\ipm\basiclu\basiclu_obj_solve_sparse.h">
      <Filter>Header Files</Filter>
    </ClInclude>
    <ClInclude Include="C:\Users\galab\code\HiGHS\highs\ipm\basiclu\basiclu_obj_update.h">
      <Filter>Header Files</Filter>
    </ClInclude>
    <ClInclude Include="C:\Users\galab\code\HiGHS\highs\ipm\basiclu\basiclu_object.h">
      <Filter>Header Files</Filter>
    </ClInclude>
    <ClInclude Include="C:\Users\galab\code\HiGHS\highs\ipm\basiclu\basiclu_solve_dense.h">
      <Filter>Header Files</Filter>
    </ClInclude>
    <ClInclude Include="C:\Users\galab\code\HiGHS\highs\ipm\basiclu\basiclu_solve_for_update.h">
      <Filter>Header Files</Filter>
    </ClInclude>
    <ClInclude Include="C:\Users\galab\code\HiGHS\highs\ipm\basiclu\basiclu_solve_sparse.h">
      <Filter>Header Files</Filter>
    </ClInclude>
    <ClInclude Include="C:\Users\galab\code\HiGHS\highs\ipm\basiclu\basiclu_update.h">
      <Filter>Header Files</Filter>
    </ClInclude>
    <ClInclude Include="C:\Users\galab\code\HiGHS\highs\ipm\basiclu\basiclu.h">
      <Filter>Header Files</Filter>
    </ClInclude>
    <ClInclude Include="C:\Users\galab\code\HiGHS\highs\ipm\basiclu\lu_def.h">
      <Filter>Header Files</Filter>
    </ClInclude>
    <ClInclude Include="C:\Users\galab\code\HiGHS\highs\ipm\basiclu\lu_file.h">
      <Filter>Header Files</Filter>
    </ClInclude>
    <ClInclude Include="C:\Users\galab\code\HiGHS\highs\ipm\basiclu\lu_internal.h">
      <Filter>Header Files</Filter>
    </ClInclude>
    <ClInclude Include="C:\Users\galab\code\HiGHS\highs\ipm\basiclu\lu_list.h">
      <Filter>Header Files</Filter>
    </ClInclude>
    <ClInclude Include="C:\Users\galab\code\HiGHS\highs\ipm\hipo\ipm\CurtisReidScaling.h">
      <Filter>Header Files</Filter>
    </ClInclude>
    <ClInclude Include="C:\Users\galab\code\HiGHS\highs\ipm\hipo\ipm\IpmData.h">
      <Filter>Header Files</Filter>
    </ClInclude>
    <ClInclude Include="C:\Users\galab\code\HiGHS\highs\ipm\hipo\ipm\FactorHiGHSSolver.h">
      <Filter>Header Files</Filter>
    </ClInclude>
    <ClInclude Include="C:\Users\galab\code\HiGHS\highs\ipm\hipo\ipm\Parameters.h">
      <Filter>Header Files</Filter>
    </ClInclude>
    <ClInclude Include="C:\Users\galab\code\HiGHS\highs\ipm\hipo\ipm\Control.h">
      <Filter>Header Files</Filter>
    </ClInclude>
    <ClInclude Include="C:\Users\galab\code\HiGHS\highs\ipm\hipo\ipm\Info.h">
      <Filter>Header Files</Filter>
    </ClInclude>
    <ClInclude Include="C:\Users\galab\code\HiGHS\highs\ipm\hipo\ipm\Iterate.h">
      <Filter>Header Files</Filter>
    </ClInclude>
    <ClInclude Include="C:\Users\galab\code\HiGHS\highs\ipm\hipo\ipm\LinearSolver.h">
      <Filter>Header Files</Filter>
    </ClInclude>
    <ClInclude Include="C:\Users\galab\code\HiGHS\highs\ipm\hipo\ipm\LogHighs.h">
      <Filter>Header Files</Filter>
    </ClInclude>
    <ClInclude Include="C:\Users\galab\code\HiGHS\highs\ipm\hipo\ipm\Model.h">
      <Filter>Header Files</Filter>
    </ClInclude>
    <ClInclude Include="C:\Users\galab\code\HiGHS\highs\ipm\hipo\ipm\Options.h">
      <Filter>Header Files</Filter>
    </ClInclude>
    <ClInclude Include="C:\Users\galab\code\HiGHS\highs\ipm\hipo\ipm\Solver.h">
      <Filter>Header Files</Filter>
    </ClInclude>
    <ClInclude Include="C:\Users\galab\code\HiGHS\highs\ipm\hipo\ipm\Status.h">
      <Filter>Header Files</Filter>
    </ClInclude>
    <ClInclude Include="C:\Users\galab\code\HiGHS\highs\ipm\hipo\factorhighs\Analyse.h">
      <Filter>Header Files</Filter>
    </ClInclude>
    <ClInclude Include="C:\Users\galab\code\HiGHS\highs\ipm\hipo\factorhighs\CallAndTimeBlas.h">
      <Filter>Header Files</Filter>
    </ClInclude>
    <ClInclude Include="C:\Users\galab\code\HiGHS\highs\ipm\hipo\factorhighs\CliqueStack.h">
      <Filter>Header Files</Filter>
    </ClInclude>
    <ClInclude Include="C:\Users\galab\code\HiGHS\highs\ipm\hipo\factorhighs\DataCollector.h">
      <Filter>Header Files</Filter>
    </ClInclude>
    <ClInclude Include="C:\Users\galab\code\HiGHS\highs\ipm\hipo\factorhighs\DenseFact.h">
      <Filter>Header Files</Filter>
    </ClInclude>
    <ClInclude Include="C:\Users\galab\code\HiGHS\highs\ipm\hipo\factorhighs\DgemmParallel.h">
      <Filter>Header Files</Filter>
    </ClInclude>
    <ClInclude Include="C:\Users\galab\code\HiGHS\highs\ipm\hipo\factorhighs\FactorHiGHS.h">
      <Filter>Header Files</Filter>
    </ClInclude>
    <ClInclude Include="C:\Users\galab\code\HiGHS\highs\ipm\hipo\factorhighs\FactorHiGHSSettings.h">
      <Filter>Header Files</Filter>
    </ClInclude>
    <ClInclude Include="C:\Users\galab\code\HiGHS\highs\ipm\hipo\factorhighs\Factorise.h">
      <Filter>Header Files</Filter>
    </ClInclude>
    <ClInclude Include="C:\Users\galab\code\HiGHS\highs\ipm\hipo\factorhighs\FormatHandler.h">
      <Filter>Header Files</Filter>
    </ClInclude>
    <ClInclude Include="C:\Users\galab\code\HiGHS\highs\ipm\hipo\factorhighs\HybridHybridFormatHandler.h">
      <Filter>Header Files</Filter>
    </ClInclude>
    <ClInclude Include="C:\Users\galab\code\HiGHS\highs\ipm\hipo\factorhighs\HybridSolveHandler.h">
      <Filter>Header Files</Filter>
    </ClInclude>
    <ClInclude Include="C:\Users\galab\code\HiGHS\highs\ipm\hipo\factorhighs\KrylovMethodsIpm.h">
      <Filter>Header Files</Filter>
    </ClInclude>
    <ClInclude Include="C:\Users\galab\code\HiGHS\highs\ipm\hipo\factorhighs\Numeric.h">
      <Filter>Header Files</Filter>
    </ClInclude>
    <ClInclude Include="C:\Users\galab\code\HiGHS\highs\ipm\hipo\factorhighs\ReturnValues.h">
      <Filter>Header Files</Filter>
    </ClInclude>
    <ClInclude Include="C:\Users\galab\code\HiGHS\highs\ipm\hipo\factorhighs\SolveHandler.h">
      <Filter>Header Files</Filter>
    </ClInclude>
    <ClInclude Include="C:\Users\galab\code\HiGHS\highs\ipm\hipo\factorhighs\Swaps.h">
      <Filter>Header Files</Filter>
    </ClInclude>
    <ClInclude Include="C:\Users\galab\code\HiGHS\highs\ipm\hipo\factorhighs\Symbolic.h">
      <Filter>Header Files</Filter>
    </ClInclude>
    <ClInclude Include="C:\Users\galab\code\HiGHS\highs\ipm\hipo\factorhighs\Timing.h">
      <Filter>Header Files</Filter>
    </ClInclude>
    <ClInclude Include="C:\Users\galab\code\HiGHS\highs\ipm\hipo\auxiliary\AutoDetect.h">
      <Filter>Header Files</Filter>
    </ClInclude>
    <ClInclude Include="C:\Users\galab\code\HiGHS\highs\ipm\hipo\auxiliary\Auxiliary.h">
      <Filter>Header Files</Filter>
    </ClInclude>
    <ClInclude Include="C:\Users\galab\code\HiGHS\highs\ipm\hipo\auxiliary\IntConfig.h">
      <Filter>Header Files</Filter>
    </ClInclude>
    <ClInclude Include="C:\Users\galab\code\HiGHS\highs\ipm\hipo\auxiliary\KrylovMethods.h">
      <Filter>Header Files</Filter>
    </ClInclude>
    <ClInclude Include="C:\Users\galab\code\HiGHS\highs\ipm\hipo\auxiliary\Log.h">
      <Filter>Header Files</Filter>
    </ClInclude>
    <ClInclude Include="C:\Users\galab\code\HiGHS\highs\ipm\hipo\auxiliary\mycblas.h">
      <Filter>Header Files</Filter>
    </ClInclude>
    <ClInclude Include="C:\Users\galab\code\HiGHS\highs\ipm\hipo\auxiliary\VectorOperations.h">
      <Filter>Header Files</Filter>
    </ClInclude>
    <ClInclude Include="C:\Users\galab\code\HiGHS\extern\amd\amd_internal.h">
      <Filter>Header Files</Filter>
    </ClInclude>
    <ClInclude Include="C:\Users\galab\code\HiGHS\extern\amd\amd.h">
      <Filter>Header Files</Filter>
    </ClInclude>
    <ClInclude Include="C:\Users\galab\code\HiGHS\extern\amd\SuiteSparse_config.h">
      <Filter>Header Files</Filter>
    </ClInclude>
    <ClInclude Include="C:\Users\galab\code\HiGHS\extern\metis\GKlib\gk_arch.h">
      <Filter>Header Files</Filter>
    </ClInclude>
    <ClInclude Include="C:\Users\galab\code\HiGHS\extern\metis\GKlib\gk_defs.h">
      <Filter>Header Files</Filter>
    </ClInclude>
    <ClInclude Include="C:\Users\galab\code\HiGHS\extern\metis\GKlib\gk_macros.h">
      <Filter>Header Files</Filter>
    </ClInclude>
    <ClInclude Include="C:\Users\galab\code\HiGHS\extern\metis\GKlib\gk_mkblas.h">
      <Filter>Header Files</Filter>
    </ClInclude>
    <ClInclude Include="C:\Users\galab\code\HiGHS\extern\metis\GKlib\gk_mkmemory.h">
      <Filter>Header Files</Filter>
    </ClInclude>
    <ClInclude Include="C:\Users\galab\code\HiGHS\extern\metis\GKlib\gk_mkpqueue.h">
      <Filter>Header Files</Filter>
    </ClInclude>
    <ClInclude Include="C:\Users\galab\code\HiGHS\extern\metis\GKlib\gk_mkrandom.h">
      <Filter>Header Files</Filter>
    </ClInclude>
    <ClInclude Include="C:\Users\galab\code\HiGHS\extern\metis\GKlib\gk_mksort.h">
      <Filter>Header Files</Filter>
    </ClInclude>
    <ClInclude Include="C:\Users\galab\code\HiGHS\extern\metis\GKlib\gk_ms_inttypes.h">
      <Filter>Header Files</Filter>
    </ClInclude>
    <ClInclude Include="C:\Users\galab\code\HiGHS\extern\metis\GKlib\gk_ms_stat.h">
      <Filter>Header Files</Filter>
    </ClInclude>
    <ClInclude Include="C:\Users\galab\code\HiGHS\extern\metis\GKlib\gk_ms_stdint.h">
      <Filter>Header Files</Filter>
    </ClInclude>
    <ClInclude Include="C:\Users\galab\code\HiGHS\extern\metis\GKlib\gk_proto.h">
      <Filter>Header Files</Filter>
    </ClInclude>
    <ClInclude Include="C:\Users\galab\code\HiGHS\extern\metis\GKlib\gk_struct.h">
      <Filter>Header Files</Filter>
    </ClInclude>
    <ClInclude Include="C:\Users\galab\code\HiGHS\extern\metis\GKlib\gk_types.h">
      <Filter>Header Files</Filter>
    </ClInclude>
    <ClInclude Include="C:\Users\galab\code\HiGHS\extern\metis\GKlib\GKlib.h">
      <Filter>Header Files</Filter>
    </ClInclude>
    <ClInclude Include="C:\Users\galab\code\HiGHS\extern\metis\libmetis\defs.h">
      <Filter>Header Files</Filter>
    </ClInclude>
    <ClInclude Include="C:\Users\galab\code\HiGHS\extern\metis\libmetis\gklib_defs.h">
      <Filter>Header Files</Filter>
    </ClInclude>
    <ClInclude Include="C:\Users\galab\code\HiGHS\extern\metis\libmetis\macros.h">
      <Filter>Header Files</Filter>
    </ClInclude>
    <ClInclude Include="C:\Users\galab\code\HiGHS\extern\metis\libmetis\metislib.h">
      <Filter>Header Files</Filter>
    </ClInclude>
    <ClInclude Include="C:\Users\galab\code\HiGHS\extern\metis\libmetis\proto.h">
      <Filter>Header Files</Filter>
    </ClInclude>
    <ClInclude Include="C:\Users\galab\code\HiGHS\extern\metis\libmetis\stdheaders.h">
      <Filter>Header Files</Filter>
    </ClInclude>
    <ClInclude Include="C:\Users\galab\code\HiGHS\extern\metis\libmetis\struct.h">
      <Filter>Header Files</Filter>
    </ClInclude>
    <ClInclude Include="C:\Users\galab\code\HiGHS\extern\metis\metis.h">
      <Filter>Header Files</Filter>
    </ClInclude>
    <ClInclude Include="C:\Users\galab\code\HiGHS\extern\rcm\rcm.h">
      <Filter>Header Files</Filter>
    </ClInclude>
  </ItemGroup>
  <ItemGroup>
    <CustomBuild Include="C:\Users\galab\code\HiGHS\highs\CMakeLists.txt" />
  </ItemGroup>
  <ItemGroup>
    <ResourceCompile Include="C:\Users\galab\code\HiGHS\build-32\version.rc">
      <Filter>Source Files</Filter>
    </ResourceCompile>
  </ItemGroup>
  <ItemGroup>
    <Filter Include="Header Files">
      <UniqueIdentifier>{4EFDCA0D-5E90-3CCE-8F50-E91F7E8259D6}</UniqueIdentifier>
    </Filter>
    <Filter Include="Source Files">
      <UniqueIdentifier>{4539B7C9-1D55-3B79-8E93-147A3D54F054}</UniqueIdentifier>
    </Filter>
  </ItemGroup>
</Project>
